PODS:
  - AFNetworking (2.5.0):
    - AFNetworking/NSURLConnection (= 2.5.0)
    - AFNetworking/NSURLSession (= 2.5.0)
    - AFNetworking/Reachability (= 2.5.0)
    - AFNetworking/Security (= 2.5.0)
    - AFNetworking/Serialization (= 2.5.0)
    - AFNetworking/UIKit (= 2.5.0)
  - AFNetworking/NSURLConnection (2.5.0):
    - AFNetworking/Reachability
    - AFNetworking/Security
    - AFNetworking/Serialization
  - AFNetworking/NSURLSession (2.5.0):
    - AFNetworking/Reachability
    - AFNetworking/Security
    - AFNetworking/Serialization
  - AFNetworking/Reachability (2.5.0)
  - AFNetworking/Security (2.5.0)
  - AFNetworking/Serialization (2.5.0)
  - AFNetworking/UIKit (2.5.0):
    - AFNetworking/NSURLConnection
    - AFNetworking/NSURLSession
  - KIF (3.1.0):
    - KIF/XCTest (= 3.1.0)
  - KIF-Kiwi (0.2.3):
    - KIF (~> 3.1.0)
    - Kiwi (~> 2.3.0)
  - KIF/XCTest (3.1.0)
  - Kiwi (2.3.1)
  - ngrvalidator (0.1.2)
  - OHHTTPStubs (3.1.10):
    - OHHTTPStubs/Core (= 3.1.10)
  - OHHTTPStubs/Core (3.1.10)
  - UICKeyChainStore (1.1.0)
  - XLForm (2.1.0)

DEPENDENCIES:
  - AFNetworking (~> 2.5)
  - KIF-Kiwi (~> 0.2)
  - Kiwi (~> 2.3)
  - NGRValidator (~> 0.1.2)
  - OHHTTPStubs (~> 3.1)
  - UICKeyChainStore (~> 1.1)
  - XLForm (~> 2.1)

SPEC CHECKSUMS:
  AFNetworking: 0f54cb5d16ce38c1b76948faffb8d5fb705021c7
  KIF: de7c7f4aea08179c65d963a3c5ec438ee6408e8c
  KIF-Kiwi: e1f2a0b3151d4864470d3d8223daeb3df32a4ab8
  Kiwi: 73e1400209055ee9c8ba78c6012b6b642d0fb9f7
  ngrvalidator: 2c327c4d6de08e3347b16e46bc9a8fd91d6cf522
  OHHTTPStubs: 2038e929b6abb94881000524c1cb4aba0a1bb4a2
  UICKeyChainStore: 257d869d42527b9853ebb11d6dc3ac377b270e72
  XLForm: 7d6855fe88df37b44ea00da80cc0cf3a945cfb1b

COCOAPODS: 0.35.0
