// !$*UTF8*$!
{
	archiveVersion = 1;
	classes = {
	};
	objectVersion = 46;
	objects = {

/* Begin PBXBuildFile section */
		215199591A4948EF00EF5F80 /* XLFormRowDescriptor+Devise.h in Headers */ = {isa = PBXBuildFile; fileRef = 215199571A4948EF00EF5F80 /* XLFormRowDescriptor+Devise.h */; };
		2151995A1A4948EF00EF5F80 /* XLFormRowDescriptor+Devise.m in Sources */ = {isa = PBXBuildFile; fileRef = 215199581A4948EF00EF5F80 /* XLFormRowDescriptor+Devise.m */; };
		2151995E1A495A4D00EF5F80 /* DVSSignUpViewController.h in Headers */ = {isa = PBXBuildFile; fileRef = 2151995C1A495A4D00EF5F80 /* DVSSignUpViewController.h */; settings = {ATTRIBUTES = (Public, ); }; };
		2151995F1A495A4D00EF5F80 /* DVSSignUpViewController.m in Sources */ = {isa = PBXBuildFile; fileRef = 2151995D1A495A4D00EF5F80 /* DVSSignUpViewController.m */; };
		2151996D1A499B5C00EF5F80 /* DVSFormRowCell+Model.m in Sources */ = {isa = PBXBuildFile; fileRef = 2151996C1A499B5C00EF5F80 /* DVSFormRowCell+Model.m */; };
		215575B31A40880C00BA8661 /* Localizable.strings in Resources */ = {isa = PBXBuildFile; fileRef = 215575B11A40880C00BA8661 /* Localizable.strings */; };
		21AFB7E61A48303000769C87 /* DVSLogInViewController.h in Headers */ = {isa = PBXBuildFile; fileRef = 21AFB7E41A48303000769C87 /* DVSLogInViewController.h */; settings = {ATTRIBUTES = (Public, ); }; };
		21AFB7E71A48303000769C87 /* DVSLogInViewController.m in Sources */ = {isa = PBXBuildFile; fileRef = 21AFB7E51A48303000769C87 /* DVSLogInViewController.m */; };
		21AFB7EA1A48416F00769C87 /* DVSFormRow.m in Sources */ = {isa = PBXBuildFile; fileRef = 21AFB7E91A48416F00769C87 /* DVSFormRow.m */; };
		21AFB7F61A48446600769C87 /* DVSFormRowCell.m in Sources */ = {isa = PBXBuildFile; fileRef = 21AFB7F41A48446600769C87 /* DVSFormRowCell.m */; };
		21AFB7F71A48446600769C87 /* DVSFormRowCell.xib in Resources */ = {isa = PBXBuildFile; fileRef = 21AFB7F51A48446600769C87 /* DVSFormRowCell.xib */; };
		21AFB7FA1A4844A800769C87 /* DVSFormViewController.m in Sources */ = {isa = PBXBuildFile; fileRef = 21AFB7F91A4844A800769C87 /* DVSFormViewController.m */; };
		21AFB8001A48C31100769C87 /* DVSTemplatesViewsUserDataSource.h in Headers */ = {isa = PBXBuildFile; fileRef = 21AFB7FE1A48C31100769C87 /* DVSTemplatesViewsUserDataSource.h */; };
		21AFB8011A48C31100769C87 /* DVSTemplatesViewsUserDataSource.m in Sources */ = {isa = PBXBuildFile; fileRef = 21AFB7FF1A48C31100769C87 /* DVSTemplatesViewsUserDataSource.m */; };
		21B1AAB21A3AF4E000578DF7 /* DVSDemoPasswordChangeViewController.m in Sources */ = {isa = PBXBuildFile; fileRef = 21B1AAB11A3AF4E000578DF7 /* DVSDemoPasswordChangeViewController.m */; };
		21B1AAB51A3B12CE00578DF7 /* NSError+DeviseDemo.m in Sources */ = {isa = PBXBuildFile; fileRef = 21B1AAB41A3B12CE00578DF7 /* NSError+DeviseDemo.m */; };
		21B1AAB81A3B2BF600578DF7 /* DVSDemoUserDataSource.m in Sources */ = {isa = PBXBuildFile; fileRef = 21B1AAB71A3B2BF600578DF7 /* DVSDemoUserDataSource.m */; };
		21B1AABD1A3EE24C00578DF7 /* DVSMenuTableModel.m in Sources */ = {isa = PBXBuildFile; fileRef = 21B1AABC1A3EE24C00578DF7 /* DVSMenuTableModel.m */; };
		21B362E11A51540200202C94 /* DVSBarButtonItem.h in Headers */ = {isa = PBXBuildFile; fileRef = 21B362DF1A51540200202C94 /* DVSBarButtonItem.h */; };
		21B362E21A51540200202C94 /* DVSBarButtonItem.m in Sources */ = {isa = PBXBuildFile; fileRef = 21B362E01A51540200202C94 /* DVSBarButtonItem.m */; };
		21B362E91A515DA500202C94 /* XLFormSectionDescriptor+Devise.h in Headers */ = {isa = PBXBuildFile; fileRef = 21B362E71A515DA500202C94 /* XLFormSectionDescriptor+Devise.h */; };
		21B362EA1A515DA500202C94 /* XLFormSectionDescriptor+Devise.m in Sources */ = {isa = PBXBuildFile; fileRef = 21B362E81A515DA500202C94 /* XLFormSectionDescriptor+Devise.m */; };
		21B3EC931A51870B00C8C620 /* DVSPasswordReminderViewController.h in Headers */ = {isa = PBXBuildFile; fileRef = 21B3EC911A51870B00C8C620 /* DVSPasswordReminderViewController.h */; settings = {ATTRIBUTES = (Public, ); }; };
		21B3EC941A51870B00C8C620 /* DVSPasswordReminderViewController.m in Sources */ = {isa = PBXBuildFile; fileRef = 21B3EC921A51870B00C8C620 /* DVSPasswordReminderViewController.m */; };
		21B3EC971A52B35500C8C620 /* DVSFieldsUtils.h in Headers */ = {isa = PBXBuildFile; fileRef = 21B3EC951A52B35500C8C620 /* DVSFieldsUtils.h */; };
		21B3EC981A52B35500C8C620 /* DVSFieldsUtils.m in Sources */ = {isa = PBXBuildFile; fileRef = 21B3EC961A52B35500C8C620 /* DVSFieldsUtils.m */; };
		21B3EC9B1A52B4CA00C8C620 /* DVSLogInFormViewController.h in Headers */ = {isa = PBXBuildFile; fileRef = 21B3EC991A52B4CA00C8C620 /* DVSLogInFormViewController.h */; };
		21B3EC9C1A52B4CA00C8C620 /* DVSLogInFormViewController.m in Sources */ = {isa = PBXBuildFile; fileRef = 21B3EC9A1A52B4CA00C8C620 /* DVSLogInFormViewController.m */; };
		21B3ECA01A52BDFD00C8C620 /* DVSBaseViewController.h in Headers */ = {isa = PBXBuildFile; fileRef = 21B3EC9E1A52BDFD00C8C620 /* DVSBaseViewController.h */; settings = {ATTRIBUTES = (Public, ); }; };
		21B3ECA11A52BDFD00C8C620 /* DVSBaseViewController.m in Sources */ = {isa = PBXBuildFile; fileRef = 21B3EC9F1A52BDFD00C8C620 /* DVSBaseViewController.m */; };
		21B3ECA61A52C2D000C8C620 /* DVSSignUpFormViewController.h in Headers */ = {isa = PBXBuildFile; fileRef = 21B3ECA41A52C2D000C8C620 /* DVSSignUpFormViewController.h */; };
		21B3ECA71A52C2D000C8C620 /* DVSSignUpFormViewController.m in Sources */ = {isa = PBXBuildFile; fileRef = 21B3ECA51A52C2D000C8C620 /* DVSSignUpFormViewController.m */; };
		21B3ECAB1A52C6BD00C8C620 /* DVSPasswordReminderFormViewController.h in Headers */ = {isa = PBXBuildFile; fileRef = 21B3ECA91A52C6BD00C8C620 /* DVSPasswordReminderFormViewController.h */; };
		21B3ECAC1A52C6BD00C8C620 /* DVSPasswordReminderFormViewController.m in Sources */ = {isa = PBXBuildFile; fileRef = 21B3ECAA1A52C6BD00C8C620 /* DVSPasswordReminderFormViewController.m */; };
		21B3ECAD1A52CC3000C8C620 /* DVSLogInFields.h in Headers */ = {isa = PBXBuildFile; fileRef = 21B3EC9D1A52B4DF00C8C620 /* DVSLogInFields.h */; settings = {ATTRIBUTES = (Public, ); }; };
		21B3ECAE1A52CC3400C8C620 /* DVSPasswordReminderFields.h in Headers */ = {isa = PBXBuildFile; fileRef = 21B3ECA81A52C69500C8C620 /* DVSPasswordReminderFields.h */; settings = {ATTRIBUTES = (Public, ); }; };
		21B3ECAF1A52CC3700C8C620 /* DVSSignUpFields.h in Headers */ = {isa = PBXBuildFile; fileRef = 21B3ECA31A52C2AD00C8C620 /* DVSSignUpFields.h */; settings = {ATTRIBUTES = (Public, ); }; };
		21F6909B1A3711E100DE2ABA /* DVSMenuTableViewController.m in Sources */ = {isa = PBXBuildFile; fileRef = 21F6909A1A3711E100DE2ABA /* DVSMenuTableViewController.m */; };
		21F6909F1A374B5D00DE2ABA /* UIAlertView+DeviseDemo.m in Sources */ = {isa = PBXBuildFile; fileRef = 21F6909E1A374B5D00DE2ABA /* UIAlertView+DeviseDemo.m */; };
		3A2B04FE1A41663E00DDA453 /* DVSUser+Requests.h in Headers */ = {isa = PBXBuildFile; fileRef = 3A2B04FC1A41663E00DDA453 /* DVSUser+Requests.h */; settings = {ATTRIBUTES = (Public, ); }; };
		3A2B04FF1A41663E00DDA453 /* DVSUser+Requests.m in Sources */ = {isa = PBXBuildFile; fileRef = 3A2B04FD1A41663E00DDA453 /* DVSUser+Requests.m */; };
		3A4EE5A31A40A40400A068E2 /* DVSTestConfiguration.m in Sources */ = {isa = PBXBuildFile; fileRef = 3A4EE5A21A40A40400A068E2 /* DVSTestConfiguration.m */; };
		3A4EE5A71A40AC9E00A068E2 /* DVSTestUser.m in Sources */ = {isa = PBXBuildFile; fileRef = 3A4EE5A61A40AC9D00A068E2 /* DVSTestUser.m */; };
		3A4EE5AB1A40B89100A068E2 /* DVSHTTPClientUserSpec.m in Sources */ = {isa = PBXBuildFile; fileRef = 3A4EE59F1A40A10600A068E2 /* DVSHTTPClientUserSpec.m */; };
		3A4EE5AC1A40C93500A068E2 /* DVSHTTPClientSpec.m in Sources */ = {isa = PBXBuildFile; fileRef = 3A93A1501A2E5119006827D3 /* DVSHTTPClientSpec.m */; };
		3A4EE5AD1A40C95F00A068E2 /* DVSValidatorSpec.m in Sources */ = {isa = PBXBuildFile; fileRef = 5EF381F21A287749006875D4 /* DVSValidatorSpec.m */; };
		3A4EE5AE1A40C96200A068E2 /* DVSPropertyValidatorSpec.m in Sources */ = {isa = PBXBuildFile; fileRef = 5E64C1791A30603E00A41A88 /* DVSPropertyValidatorSpec.m */; };
		3A4EE5AF1A40C96500A068E2 /* DVSConfigurationSpec.m in Sources */ = {isa = PBXBuildFile; fileRef = 3AA22E1E1A2509AF00FE04D1 /* DVSConfigurationSpec.m */; };
		3A6E03FE1A263866006ECA3E /* OHHTTPStubs+DeviseTests.m in Sources */ = {isa = PBXBuildFile; fileRef = 3A6E03FD1A263866006ECA3E /* OHHTTPStubs+DeviseTests.m */; };
		3A93A1481A2E2F2F006827D3 /* DVSHTTPClient.h in Headers */ = {isa = PBXBuildFile; fileRef = 3A93A1461A2E2F2F006827D3 /* DVSHTTPClient.h */; settings = {ATTRIBUTES = (Public, ); }; };
		3A93A1491A2E2F2F006827D3 /* DVSHTTPClient.m in Sources */ = {isa = PBXBuildFile; fileRef = 3A93A1471A2E2F2F006827D3 /* DVSHTTPClient.m */; };
		3AA22E1C1A25031300FE04D1 /* DVSConfiguration.h in Headers */ = {isa = PBXBuildFile; fileRef = 3AA22E1A1A25031300FE04D1 /* DVSConfiguration.h */; settings = {ATTRIBUTES = (Public, ); }; };
		3AA22E1D1A25031300FE04D1 /* DVSConfiguration.m in Sources */ = {isa = PBXBuildFile; fileRef = 3AA22E1B1A25031300FE04D1 /* DVSConfiguration.m */; };
		3AA22E2A1A2514DD00FE04D1 /* NSString+Devise.h in Headers */ = {isa = PBXBuildFile; fileRef = 3AA22E281A2514DD00FE04D1 /* NSString+Devise.h */; };
		3AA22E2B1A2514DD00FE04D1 /* NSString+Devise.m in Sources */ = {isa = PBXBuildFile; fileRef = 3AA22E291A2514DD00FE04D1 /* NSString+Devise.m */; };
		3AA22E2F1A251B1400FE04D1 /* DVSUser.h in Headers */ = {isa = PBXBuildFile; fileRef = 3AA22E2D1A251B1400FE04D1 /* DVSUser.h */; settings = {ATTRIBUTES = (Public, ); }; };
		3AA22E301A251B1400FE04D1 /* DVSUser.m in Sources */ = {isa = PBXBuildFile; fileRef = 3AA22E2E1A251B1400FE04D1 /* DVSUser.m */; };
		3AA22E381A252FD700FE04D1 /* DVSUser+Querying.h in Headers */ = {isa = PBXBuildFile; fileRef = 3AA22E361A252FD700FE04D1 /* DVSUser+Querying.h */; settings = {ATTRIBUTES = (Public, ); }; };
		3AA22E391A252FD700FE04D1 /* DVSUser+Querying.m in Sources */ = {isa = PBXBuildFile; fileRef = 3AA22E371A252FD700FE04D1 /* DVSUser+Querying.m */; };
		3AA22E3B1A2530EA00FE04D1 /* DVSTypedefs.h in Headers */ = {isa = PBXBuildFile; fileRef = 3AA22E3A1A2530EA00FE04D1 /* DVSTypedefs.h */; settings = {ATTRIBUTES = (Public, ); }; };
		3AA22E571A25353B00FE04D1 /* AppDelegate.m in Sources */ = {isa = PBXBuildFile; fileRef = 3AA22E491A25353B00FE04D1 /* AppDelegate.m */; };
		3AA22E581A25353B00FE04D1 /* DVSDemoHomeViewController.m in Sources */ = {isa = PBXBuildFile; fileRef = 3AA22E4B1A25353B00FE04D1 /* DVSDemoHomeViewController.m */; };
		3AA22E591A25353B00FE04D1 /* DVSDemoLoginViewController.m in Sources */ = {isa = PBXBuildFile; fileRef = 3AA22E4D1A25353B00FE04D1 /* DVSDemoLoginViewController.m */; };
		3AA22E5A1A25353B00FE04D1 /* Main.storyboard in Resources */ = {isa = PBXBuildFile; fileRef = 3AA22E4E1A25353B00FE04D1 /* Main.storyboard */; };
		3AA22E5B1A25353B00FE04D1 /* DVSDemoProfileEditorViewController.m in Sources */ = {isa = PBXBuildFile; fileRef = 3AA22E501A25353B00FE04D1 /* DVSDemoProfileEditorViewController.m */; };
		3AA22E5C1A25353B00FE04D1 /* DVSDemoPasswordReminderViewController.m in Sources */ = {isa = PBXBuildFile; fileRef = 3AA22E521A25353B00FE04D1 /* DVSDemoPasswordReminderViewController.m */; };
		3AA22E5D1A25353B00FE04D1 /* DVSDemoRegistrationViewController.m in Sources */ = {isa = PBXBuildFile; fileRef = 3AA22E541A25353B00FE04D1 /* DVSDemoRegistrationViewController.m */; };
		3AA22E5E1A25353B00FE04D1 /* DVSDemoWelcomeViewController.m in Sources */ = {isa = PBXBuildFile; fileRef = 3AA22E561A25353B00FE04D1 /* DVSDemoWelcomeViewController.m */; };
		3AA22E5F1A2535BC00FE04D1 /* DVSMacros.h in Headers */ = {isa = PBXBuildFile; fileRef = 3AA22E211A250FC300FE04D1 /* DVSMacros.h */; };
		3AA22E601A25361200FE04D1 /* Devise-Demo-Main.m in Sources */ = {isa = PBXBuildFile; fileRef = 3AD4C7191A24FA6A00F0AE67 /* Devise-Demo-Main.m */; };
		3AA409F41A3F9D700046B0E4 /* DVSHTTPClient+User.h in Headers */ = {isa = PBXBuildFile; fileRef = 3AA409F21A3F9D700046B0E4 /* DVSHTTPClient+User.h */; };
		3AA409F51A3F9D700046B0E4 /* DVSHTTPClient+User.m in Sources */ = {isa = PBXBuildFile; fileRef = 3AA409F31A3F9D700046B0E4 /* DVSHTTPClient+User.m */; };
		3AA57B6E1A41851800C54B36 /* DVSUserSpec.m in Sources */ = {isa = PBXBuildFile; fileRef = 3A49C2711A25D60D0041406B /* DVSUserSpec.m */; };
		3AA631741A39A718002A64AC /* DVSUser+Persistence.h in Headers */ = {isa = PBXBuildFile; fileRef = 3AA631721A39A718002A64AC /* DVSUser+Persistence.h */; settings = {ATTRIBUTES = (Public, ); }; };
		3AA631751A39A718002A64AC /* DVSUser+Persistence.m in Sources */ = {isa = PBXBuildFile; fileRef = 3AA631731A39A718002A64AC /* DVSUser+Persistence.m */; };
		3AA8B36A1A24DA0000166927 /* Devise.framework in Frameworks */ = {isa = PBXBuildFile; fileRef = 3AA8B35E1A24DA0000166927 /* Devise.framework */; };
		3ABB41471A272989005B22A1 /* libPods.a in Frameworks */ = {isa = PBXBuildFile; fileRef = 3ABB41461A272989005B22A1 /* libPods.a */; };
		3AD4C6841A24DB1700F0AE67 /* Devise.h in Headers */ = {isa = PBXBuildFile; fileRef = 3AD4C6831A24DB1700F0AE67 /* Devise.h */; settings = {ATTRIBUTES = (Public, ); }; };
		3AD4C6AB1A24F1D200F0AE67 /* Devise-Prefix.pch in Headers */ = {isa = PBXBuildFile; fileRef = 3AD4C6AA1A24F1D200F0AE67 /* Devise-Prefix.pch */; };
		3AD4C6AE1A24F38000F0AE67 /* Foundation.framework in Frameworks */ = {isa = PBXBuildFile; fileRef = 3AD4C6AD1A24F38000F0AE67 /* Foundation.framework */; };
		3AD4C70F1A24FA2100F0AE67 /* Devise.framework in Frameworks */ = {isa = PBXBuildFile; fileRef = 3AA8B35E1A24DA0000166927 /* Devise.framework */; };
		3AD4C7101A24FA2100F0AE67 /* Devise.framework in Embed Frameworks */ = {isa = PBXBuildFile; fileRef = 3AA8B35E1A24DA0000166927 /* Devise.framework */; settings = {ATTRIBUTES = (CodeSignOnCopy, RemoveHeadersOnCopy, ); }; };
		3AD4C7141A24FA2A00F0AE67 /* Foundation.framework in Frameworks */ = {isa = PBXBuildFile; fileRef = 3AD4C6AD1A24F38000F0AE67 /* Foundation.framework */; };
		3AD4C7161A24FA2F00F0AE67 /* UIKit.framework in Frameworks */ = {isa = PBXBuildFile; fileRef = 3AD4C7151A24FA2F00F0AE67 /* UIKit.framework */; };
		3AD4C7261A24FC5800F0AE67 /* Devise-Demo-Assets.xcassets in Resources */ = {isa = PBXBuildFile; fileRef = 3AD4C7251A24FC5800F0AE67 /* Devise-Demo-Assets.xcassets */; };
		5E7A9A311A3EFEFA0077DC43 /* DVSDemoUser.m in Sources */ = {isa = PBXBuildFile; fileRef = 5E7A9A301A3EFEFA0077DC43 /* DVSDemoUser.m */; };
		5E7A9A341A3F114F0077DC43 /* NSObject+Devise.h in Headers */ = {isa = PBXBuildFile; fileRef = 5E7A9A321A3F114F0077DC43 /* NSObject+Devise.h */; };
		5E7A9A351A3F114F0077DC43 /* NSObject+Devise.m in Sources */ = {isa = PBXBuildFile; fileRef = 5E7A9A331A3F114F0077DC43 /* NSObject+Devise.m */; };
		5E7E166E1A264F6900684A60 /* DVSPropertyValidator.h in Headers */ = {isa = PBXBuildFile; fileRef = 5E7E166A1A264F6900684A60 /* DVSPropertyValidator.h */; settings = {ATTRIBUTES = (Public, ); }; };
		5E7E166F1A264F6900684A60 /* DVSPropertyValidator.m in Sources */ = {isa = PBXBuildFile; fileRef = 5E7E166B1A264F6900684A60 /* DVSPropertyValidator.m */; };
		5E7E16701A264F6900684A60 /* DVSValidator.h in Headers */ = {isa = PBXBuildFile; fileRef = 5E7E166C1A264F6900684A60 /* DVSValidator.h */; settings = {ATTRIBUTES = (Public, ); }; };
		5E7E16711A264F6900684A60 /* DVSValidator.m in Sources */ = {isa = PBXBuildFile; fileRef = 5E7E166D1A264F6900684A60 /* DVSValidator.m */; };
		5EE295081A35C086009441E1 /* NSDictionary+Devise.h in Headers */ = {isa = PBXBuildFile; fileRef = 5EE295061A35C086009441E1 /* NSDictionary+Devise.h */; };
		5EE295091A35C086009441E1 /* NSDictionary+Devise.m in Sources */ = {isa = PBXBuildFile; fileRef = 5EE295071A35C086009441E1 /* NSDictionary+Devise.m */; };
		5EF381D41A2756BB006875D4 /* NSURL+Devise.h in Headers */ = {isa = PBXBuildFile; fileRef = 5EF381D21A2756BB006875D4 /* NSURL+Devise.h */; };
		5EF381D51A2756BB006875D4 /* NSURL+Devise.m in Sources */ = {isa = PBXBuildFile; fileRef = 5EF381D31A2756BB006875D4 /* NSURL+Devise.m */; };
		5EF381DC1A279998006875D4 /* NSDate+Devise.h in Headers */ = {isa = PBXBuildFile; fileRef = 5EF381DA1A279998006875D4 /* NSDate+Devise.h */; };
		5EF381DD1A279998006875D4 /* NSDate+Devise.m in Sources */ = {isa = PBXBuildFile; fileRef = 5EF381DB1A279998006875D4 /* NSDate+Devise.m */; };
		5EF381F01A287458006875D4 /* NSNumber+Devise.h in Headers */ = {isa = PBXBuildFile; fileRef = 5EF381EE1A287458006875D4 /* NSNumber+Devise.h */; };
		5EF381F11A287458006875D4 /* NSNumber+Devise.m in Sources */ = {isa = PBXBuildFile; fileRef = 5EF381EF1A287458006875D4 /* NSNumber+Devise.m */; };
		5EF5E6DA1A2667D80049BEA6 /* NSArray+Devise.h in Headers */ = {isa = PBXBuildFile; fileRef = 5EF5E6D81A2667D80049BEA6 /* NSArray+Devise.h */; };
		5EF5E6DB1A2667D80049BEA6 /* NSArray+Devise.m in Sources */ = {isa = PBXBuildFile; fileRef = 5EF5E6D91A2667D80049BEA6 /* NSArray+Devise.m */; };
		7243E8D52A343108BF107B69 /* libPods-Tests.a in Frameworks */ = {isa = PBXBuildFile; fileRef = D68076C37469F69754581011 /* libPods-Tests.a */; };
/* End PBXBuildFile section */

/* Begin PBXContainerItemProxy section */
		3AA8B36B1A24DA0000166927 /* PBXContainerItemProxy */ = {
			isa = PBXContainerItemProxy;
			containerPortal = 3AA8B3551A24DA0000166927 /* Project object */;
			proxyType = 1;
			remoteGlobalIDString = 3AA8B35D1A24DA0000166927;
			remoteInfo = Devise;
		};
		3AD4C7111A24FA2100F0AE67 /* PBXContainerItemProxy */ = {
			isa = PBXContainerItemProxy;
			containerPortal = 3AA8B3551A24DA0000166927 /* Project object */;
			proxyType = 1;
			remoteGlobalIDString = 3AA8B35D1A24DA0000166927;
			remoteInfo = Devise;
		};
/* End PBXContainerItemProxy section */

/* Begin PBXCopyFilesBuildPhase section */
		3AD4C7131A24FA2200F0AE67 /* Embed Frameworks */ = {
			isa = PBXCopyFilesBuildPhase;
			buildActionMask = 2147483647;
			dstPath = "";
			dstSubfolderSpec = 10;
			files = (
				3AD4C7101A24FA2100F0AE67 /* Devise.framework in Embed Frameworks */,
			);
			name = "Embed Frameworks";
			runOnlyForDeploymentPostprocessing = 0;
		};
/* End PBXCopyFilesBuildPhase section */

/* Begin PBXFileReference section */
		215199571A4948EF00EF5F80 /* XLFormRowDescriptor+Devise.h */ = {isa = PBXFileReference; fileEncoding = 4; lastKnownFileType = sourcecode.c.h; path = "XLFormRowDescriptor+Devise.h"; sourceTree = "<group>"; };
		215199581A4948EF00EF5F80 /* XLFormRowDescriptor+Devise.m */ = {isa = PBXFileReference; fileEncoding = 4; lastKnownFileType = sourcecode.c.objc; path = "XLFormRowDescriptor+Devise.m"; sourceTree = "<group>"; };
		2151995C1A495A4D00EF5F80 /* DVSSignUpViewController.h */ = {isa = PBXFileReference; fileEncoding = 4; lastKnownFileType = sourcecode.c.h; path = DVSSignUpViewController.h; sourceTree = "<group>"; };
		2151995D1A495A4D00EF5F80 /* DVSSignUpViewController.m */ = {isa = PBXFileReference; fileEncoding = 4; lastKnownFileType = sourcecode.c.objc; path = DVSSignUpViewController.m; sourceTree = "<group>"; };
		2151996B1A499B5C00EF5F80 /* DVSFormRowCell+Model.h */ = {isa = PBXFileReference; fileEncoding = 4; lastKnownFileType = sourcecode.c.h; path = "DVSFormRowCell+Model.h"; sourceTree = "<group>"; };
		2151996C1A499B5C00EF5F80 /* DVSFormRowCell+Model.m */ = {isa = PBXFileReference; fileEncoding = 4; lastKnownFileType = sourcecode.c.objc; path = "DVSFormRowCell+Model.m"; sourceTree = "<group>"; };
		215575B21A40880C00BA8661 /* Base */ = {isa = PBXFileReference; lastKnownFileType = text.plist.strings; name = Base; path = Strings/Base.lproj/Localizable.strings; sourceTree = "<group>"; };
		21AFB7E41A48303000769C87 /* DVSLogInViewController.h */ = {isa = PBXFileReference; fileEncoding = 4; lastKnownFileType = sourcecode.c.h; path = DVSLogInViewController.h; sourceTree = "<group>"; };
		21AFB7E51A48303000769C87 /* DVSLogInViewController.m */ = {isa = PBXFileReference; fileEncoding = 4; lastKnownFileType = sourcecode.c.objc; path = DVSLogInViewController.m; sourceTree = "<group>"; };
		21AFB7E81A48416F00769C87 /* DVSFormRow.h */ = {isa = PBXFileReference; fileEncoding = 4; lastKnownFileType = sourcecode.c.h; path = DVSFormRow.h; sourceTree = "<group>"; };
		21AFB7E91A48416F00769C87 /* DVSFormRow.m */ = {isa = PBXFileReference; fileEncoding = 4; lastKnownFileType = sourcecode.c.objc; path = DVSFormRow.m; sourceTree = "<group>"; };
		21AFB7F31A48446600769C87 /* DVSFormRowCell.h */ = {isa = PBXFileReference; fileEncoding = 4; lastKnownFileType = sourcecode.c.h; path = DVSFormRowCell.h; sourceTree = "<group>"; };
		21AFB7F41A48446600769C87 /* DVSFormRowCell.m */ = {isa = PBXFileReference; fileEncoding = 4; lastKnownFileType = sourcecode.c.objc; path = DVSFormRowCell.m; sourceTree = "<group>"; };
		21AFB7F51A48446600769C87 /* DVSFormRowCell.xib */ = {isa = PBXFileReference; fileEncoding = 4; lastKnownFileType = file.xib; path = DVSFormRowCell.xib; sourceTree = "<group>"; };
		21AFB7F81A4844A800769C87 /* DVSFormViewController.h */ = {isa = PBXFileReference; fileEncoding = 4; lastKnownFileType = sourcecode.c.h; path = DVSFormViewController.h; sourceTree = "<group>"; };
		21AFB7F91A4844A800769C87 /* DVSFormViewController.m */ = {isa = PBXFileReference; fileEncoding = 4; lastKnownFileType = sourcecode.c.objc; path = DVSFormViewController.m; sourceTree = "<group>"; };
		21AFB7FE1A48C31100769C87 /* DVSTemplatesViewsUserDataSource.h */ = {isa = PBXFileReference; fileEncoding = 4; lastKnownFileType = sourcecode.c.h; path = DVSTemplatesViewsUserDataSource.h; sourceTree = "<group>"; };
		21AFB7FF1A48C31100769C87 /* DVSTemplatesViewsUserDataSource.m */ = {isa = PBXFileReference; fileEncoding = 4; lastKnownFileType = sourcecode.c.objc; path = DVSTemplatesViewsUserDataSource.m; sourceTree = "<group>"; };
		21B1AAB01A3AF4E000578DF7 /* DVSDemoPasswordChangeViewController.h */ = {isa = PBXFileReference; fileEncoding = 4; lastKnownFileType = sourcecode.c.h; path = DVSDemoPasswordChangeViewController.h; sourceTree = "<group>"; };
		21B1AAB11A3AF4E000578DF7 /* DVSDemoPasswordChangeViewController.m */ = {isa = PBXFileReference; fileEncoding = 4; lastKnownFileType = sourcecode.c.objc; path = DVSDemoPasswordChangeViewController.m; sourceTree = "<group>"; };
		21B1AAB31A3B12CE00578DF7 /* NSError+DeviseDemo.h */ = {isa = PBXFileReference; fileEncoding = 4; lastKnownFileType = sourcecode.c.h; path = "NSError+DeviseDemo.h"; sourceTree = "<group>"; };
		21B1AAB41A3B12CE00578DF7 /* NSError+DeviseDemo.m */ = {isa = PBXFileReference; fileEncoding = 4; lastKnownFileType = sourcecode.c.objc; path = "NSError+DeviseDemo.m"; sourceTree = "<group>"; };
		21B1AAB61A3B2BF600578DF7 /* DVSDemoUserDataSource.h */ = {isa = PBXFileReference; fileEncoding = 4; lastKnownFileType = sourcecode.c.h; path = DVSDemoUserDataSource.h; sourceTree = "<group>"; };
		21B1AAB71A3B2BF600578DF7 /* DVSDemoUserDataSource.m */ = {isa = PBXFileReference; fileEncoding = 4; lastKnownFileType = sourcecode.c.objc; path = DVSDemoUserDataSource.m; sourceTree = "<group>"; };
		21B1AABB1A3EE24C00578DF7 /* DVSMenuTableModel.h */ = {isa = PBXFileReference; fileEncoding = 4; lastKnownFileType = sourcecode.c.h; path = DVSMenuTableModel.h; sourceTree = "<group>"; };
		21B1AABC1A3EE24C00578DF7 /* DVSMenuTableModel.m */ = {isa = PBXFileReference; fileEncoding = 4; lastKnownFileType = sourcecode.c.objc; path = DVSMenuTableModel.m; sourceTree = "<group>"; };
		21B362DF1A51540200202C94 /* DVSBarButtonItem.h */ = {isa = PBXFileReference; fileEncoding = 4; lastKnownFileType = sourcecode.c.h; path = DVSBarButtonItem.h; sourceTree = "<group>"; };
		21B362E01A51540200202C94 /* DVSBarButtonItem.m */ = {isa = PBXFileReference; fileEncoding = 4; lastKnownFileType = sourcecode.c.objc; path = DVSBarButtonItem.m; sourceTree = "<group>"; };
		21B362E71A515DA500202C94 /* XLFormSectionDescriptor+Devise.h */ = {isa = PBXFileReference; fileEncoding = 4; lastKnownFileType = sourcecode.c.h; path = "XLFormSectionDescriptor+Devise.h"; sourceTree = "<group>"; };
		21B362E81A515DA500202C94 /* XLFormSectionDescriptor+Devise.m */ = {isa = PBXFileReference; fileEncoding = 4; lastKnownFileType = sourcecode.c.objc; path = "XLFormSectionDescriptor+Devise.m"; sourceTree = "<group>"; };
		21B3EC911A51870B00C8C620 /* DVSPasswordReminderViewController.h */ = {isa = PBXFileReference; fileEncoding = 4; lastKnownFileType = sourcecode.c.h; path = DVSPasswordReminderViewController.h; sourceTree = "<group>"; };
		21B3EC921A51870B00C8C620 /* DVSPasswordReminderViewController.m */ = {isa = PBXFileReference; fileEncoding = 4; lastKnownFileType = sourcecode.c.objc; path = DVSPasswordReminderViewController.m; sourceTree = "<group>"; };
		21B3EC951A52B35500C8C620 /* DVSFieldsUtils.h */ = {isa = PBXFileReference; fileEncoding = 4; lastKnownFileType = sourcecode.c.h; path = DVSFieldsUtils.h; sourceTree = "<group>"; };
		21B3EC961A52B35500C8C620 /* DVSFieldsUtils.m */ = {isa = PBXFileReference; fileEncoding = 4; lastKnownFileType = sourcecode.c.objc; path = DVSFieldsUtils.m; sourceTree = "<group>"; };
		21B3EC991A52B4CA00C8C620 /* DVSLogInFormViewController.h */ = {isa = PBXFileReference; fileEncoding = 4; lastKnownFileType = sourcecode.c.h; path = DVSLogInFormViewController.h; sourceTree = "<group>"; };
		21B3EC9A1A52B4CA00C8C620 /* DVSLogInFormViewController.m */ = {isa = PBXFileReference; fileEncoding = 4; lastKnownFileType = sourcecode.c.objc; path = DVSLogInFormViewController.m; sourceTree = "<group>"; };
		21B3EC9D1A52B4DF00C8C620 /* DVSLogInFields.h */ = {isa = PBXFileReference; lastKnownFileType = sourcecode.c.h; path = DVSLogInFields.h; sourceTree = "<group>"; };
		21B3EC9E1A52BDFD00C8C620 /* DVSBaseViewController.h */ = {isa = PBXFileReference; fileEncoding = 4; lastKnownFileType = sourcecode.c.h; path = DVSBaseViewController.h; sourceTree = "<group>"; };
		21B3EC9F1A52BDFD00C8C620 /* DVSBaseViewController.m */ = {isa = PBXFileReference; fileEncoding = 4; lastKnownFileType = sourcecode.c.objc; path = DVSBaseViewController.m; sourceTree = "<group>"; };
		21B3ECA31A52C2AD00C8C620 /* DVSSignUpFields.h */ = {isa = PBXFileReference; lastKnownFileType = sourcecode.c.h; path = DVSSignUpFields.h; sourceTree = "<group>"; };
		21B3ECA41A52C2D000C8C620 /* DVSSignUpFormViewController.h */ = {isa = PBXFileReference; fileEncoding = 4; lastKnownFileType = sourcecode.c.h; path = DVSSignUpFormViewController.h; sourceTree = "<group>"; };
		21B3ECA51A52C2D000C8C620 /* DVSSignUpFormViewController.m */ = {isa = PBXFileReference; fileEncoding = 4; lastKnownFileType = sourcecode.c.objc; path = DVSSignUpFormViewController.m; sourceTree = "<group>"; };
		21B3ECA81A52C69500C8C620 /* DVSPasswordReminderFields.h */ = {isa = PBXFileReference; lastKnownFileType = sourcecode.c.h; path = DVSPasswordReminderFields.h; sourceTree = "<group>"; };
		21B3ECA91A52C6BD00C8C620 /* DVSPasswordReminderFormViewController.h */ = {isa = PBXFileReference; fileEncoding = 4; lastKnownFileType = sourcecode.c.h; path = DVSPasswordReminderFormViewController.h; sourceTree = "<group>"; };
		21B3ECAA1A52C6BD00C8C620 /* DVSPasswordReminderFormViewController.m */ = {isa = PBXFileReference; fileEncoding = 4; lastKnownFileType = sourcecode.c.objc; path = DVSPasswordReminderFormViewController.m; sourceTree = "<group>"; };
		21F690991A3711E100DE2ABA /* DVSMenuTableViewController.h */ = {isa = PBXFileReference; fileEncoding = 4; lastKnownFileType = sourcecode.c.h; path = DVSMenuTableViewController.h; sourceTree = "<group>"; };
		21F6909A1A3711E100DE2ABA /* DVSMenuTableViewController.m */ = {isa = PBXFileReference; fileEncoding = 4; lastKnownFileType = sourcecode.c.objc; path = DVSMenuTableViewController.m; sourceTree = "<group>"; };
		21F6909D1A374B5D00DE2ABA /* UIAlertView+DeviseDemo.h */ = {isa = PBXFileReference; fileEncoding = 4; lastKnownFileType = sourcecode.c.h; path = "UIAlertView+DeviseDemo.h"; sourceTree = "<group>"; };
		21F6909E1A374B5D00DE2ABA /* UIAlertView+DeviseDemo.m */ = {isa = PBXFileReference; fileEncoding = 4; lastKnownFileType = sourcecode.c.objc; path = "UIAlertView+DeviseDemo.m"; sourceTree = "<group>"; };
		3A2B04FC1A41663E00DDA453 /* DVSUser+Requests.h */ = {isa = PBXFileReference; fileEncoding = 4; lastKnownFileType = sourcecode.c.h; path = "DVSUser+Requests.h"; sourceTree = "<group>"; };
		3A2B04FD1A41663E00DDA453 /* DVSUser+Requests.m */ = {isa = PBXFileReference; fileEncoding = 4; lastKnownFileType = sourcecode.c.objc; path = "DVSUser+Requests.m"; sourceTree = "<group>"; };
		3A49C2711A25D60D0041406B /* DVSUserSpec.m */ = {isa = PBXFileReference; fileEncoding = 4; lastKnownFileType = sourcecode.c.objc; path = DVSUserSpec.m; sourceTree = "<group>"; };
		3A4EE59F1A40A10600A068E2 /* DVSHTTPClientUserSpec.m */ = {isa = PBXFileReference; fileEncoding = 4; lastKnownFileType = sourcecode.c.objc; path = DVSHTTPClientUserSpec.m; sourceTree = "<group>"; };
		3A4EE5A11A40A40400A068E2 /* DVSTestConfiguration.h */ = {isa = PBXFileReference; fileEncoding = 4; lastKnownFileType = sourcecode.c.h; path = DVSTestConfiguration.h; sourceTree = "<group>"; };
		3A4EE5A21A40A40400A068E2 /* DVSTestConfiguration.m */ = {isa = PBXFileReference; fileEncoding = 4; lastKnownFileType = sourcecode.c.objc; path = DVSTestConfiguration.m; sourceTree = "<group>"; };
		3A4EE5A51A40AC9D00A068E2 /* DVSTestUser.h */ = {isa = PBXFileReference; fileEncoding = 4; lastKnownFileType = sourcecode.c.h; path = DVSTestUser.h; sourceTree = "<group>"; };
		3A4EE5A61A40AC9D00A068E2 /* DVSTestUser.m */ = {isa = PBXFileReference; fileEncoding = 4; lastKnownFileType = sourcecode.c.objc; path = DVSTestUser.m; sourceTree = "<group>"; };
		3A6E03FC1A263866006ECA3E /* OHHTTPStubs+DeviseTests.h */ = {isa = PBXFileReference; fileEncoding = 4; lastKnownFileType = sourcecode.c.h; path = "OHHTTPStubs+DeviseTests.h"; sourceTree = "<group>"; };
		3A6E03FD1A263866006ECA3E /* OHHTTPStubs+DeviseTests.m */ = {isa = PBXFileReference; fileEncoding = 4; lastKnownFileType = sourcecode.c.objc; path = "OHHTTPStubs+DeviseTests.m"; sourceTree = "<group>"; };
		3A93A1461A2E2F2F006827D3 /* DVSHTTPClient.h */ = {isa = PBXFileReference; fileEncoding = 4; lastKnownFileType = sourcecode.c.h; path = DVSHTTPClient.h; sourceTree = "<group>"; };
		3A93A1471A2E2F2F006827D3 /* DVSHTTPClient.m */ = {isa = PBXFileReference; fileEncoding = 4; lastKnownFileType = sourcecode.c.objc; path = DVSHTTPClient.m; sourceTree = "<group>"; };
		3A93A1501A2E5119006827D3 /* DVSHTTPClientSpec.m */ = {isa = PBXFileReference; fileEncoding = 4; lastKnownFileType = sourcecode.c.objc; path = DVSHTTPClientSpec.m; sourceTree = "<group>"; };
		3AA22E1A1A25031300FE04D1 /* DVSConfiguration.h */ = {isa = PBXFileReference; fileEncoding = 4; lastKnownFileType = sourcecode.c.h; path = DVSConfiguration.h; sourceTree = "<group>"; };
		3AA22E1B1A25031300FE04D1 /* DVSConfiguration.m */ = {isa = PBXFileReference; fileEncoding = 4; lastKnownFileType = sourcecode.c.objc; path = DVSConfiguration.m; sourceTree = "<group>"; };
		3AA22E1E1A2509AF00FE04D1 /* DVSConfigurationSpec.m */ = {isa = PBXFileReference; fileEncoding = 4; lastKnownFileType = sourcecode.c.objc; path = DVSConfigurationSpec.m; sourceTree = "<group>"; };
		3AA22E211A250FC300FE04D1 /* DVSMacros.h */ = {isa = PBXFileReference; fileEncoding = 4; lastKnownFileType = sourcecode.c.h; path = DVSMacros.h; sourceTree = "<group>"; };
		3AA22E281A2514DD00FE04D1 /* NSString+Devise.h */ = {isa = PBXFileReference; fileEncoding = 4; lastKnownFileType = sourcecode.c.h; path = "NSString+Devise.h"; sourceTree = "<group>"; };
		3AA22E291A2514DD00FE04D1 /* NSString+Devise.m */ = {isa = PBXFileReference; fileEncoding = 4; lastKnownFileType = sourcecode.c.objc; path = "NSString+Devise.m"; sourceTree = "<group>"; };
		3AA22E2D1A251B1400FE04D1 /* DVSUser.h */ = {isa = PBXFileReference; fileEncoding = 4; lastKnownFileType = sourcecode.c.h; path = DVSUser.h; sourceTree = "<group>"; };
		3AA22E2E1A251B1400FE04D1 /* DVSUser.m */ = {isa = PBXFileReference; fileEncoding = 4; lastKnownFileType = sourcecode.c.objc; path = DVSUser.m; sourceTree = "<group>"; };
		3AA22E361A252FD700FE04D1 /* DVSUser+Querying.h */ = {isa = PBXFileReference; fileEncoding = 4; lastKnownFileType = sourcecode.c.h; path = "DVSUser+Querying.h"; sourceTree = "<group>"; };
		3AA22E371A252FD700FE04D1 /* DVSUser+Querying.m */ = {isa = PBXFileReference; fileEncoding = 4; lastKnownFileType = sourcecode.c.objc; path = "DVSUser+Querying.m"; sourceTree = "<group>"; };
		3AA22E3A1A2530EA00FE04D1 /* DVSTypedefs.h */ = {isa = PBXFileReference; fileEncoding = 4; lastKnownFileType = sourcecode.c.h; path = DVSTypedefs.h; sourceTree = "<group>"; };
		3AA22E481A25353B00FE04D1 /* AppDelegate.h */ = {isa = PBXFileReference; fileEncoding = 4; lastKnownFileType = sourcecode.c.h; path = AppDelegate.h; sourceTree = "<group>"; };
		3AA22E491A25353B00FE04D1 /* AppDelegate.m */ = {isa = PBXFileReference; fileEncoding = 4; lastKnownFileType = sourcecode.c.objc; path = AppDelegate.m; sourceTree = "<group>"; };
		3AA22E4A1A25353B00FE04D1 /* DVSDemoHomeViewController.h */ = {isa = PBXFileReference; fileEncoding = 4; lastKnownFileType = sourcecode.c.h; path = DVSDemoHomeViewController.h; sourceTree = "<group>"; };
		3AA22E4B1A25353B00FE04D1 /* DVSDemoHomeViewController.m */ = {isa = PBXFileReference; fileEncoding = 4; lastKnownFileType = sourcecode.c.objc; lineEnding = 0; path = DVSDemoHomeViewController.m; sourceTree = "<group>"; xcLanguageSpecificationIdentifier = xcode.lang.objc; };
		3AA22E4C1A25353B00FE04D1 /* DVSDemoLoginViewController.h */ = {isa = PBXFileReference; fileEncoding = 4; lastKnownFileType = sourcecode.c.h; path = DVSDemoLoginViewController.h; sourceTree = "<group>"; };
		3AA22E4D1A25353B00FE04D1 /* DVSDemoLoginViewController.m */ = {isa = PBXFileReference; fileEncoding = 4; lastKnownFileType = sourcecode.c.objc; lineEnding = 0; path = DVSDemoLoginViewController.m; sourceTree = "<group>"; xcLanguageSpecificationIdentifier = xcode.lang.objc; };
		3AA22E4E1A25353B00FE04D1 /* Main.storyboard */ = {isa = PBXFileReference; fileEncoding = 4; lastKnownFileType = file.storyboard; path = Main.storyboard; sourceTree = "<group>"; };
		3AA22E4F1A25353B00FE04D1 /* DVSDemoProfileEditorViewController.h */ = {isa = PBXFileReference; fileEncoding = 4; lastKnownFileType = sourcecode.c.h; path = DVSDemoProfileEditorViewController.h; sourceTree = "<group>"; };
		3AA22E501A25353B00FE04D1 /* DVSDemoProfileEditorViewController.m */ = {isa = PBXFileReference; fileEncoding = 4; lastKnownFileType = sourcecode.c.objc; path = DVSDemoProfileEditorViewController.m; sourceTree = "<group>"; };
		3AA22E511A25353B00FE04D1 /* DVSDemoPasswordReminderViewController.h */ = {isa = PBXFileReference; fileEncoding = 4; lastKnownFileType = sourcecode.c.h; path = DVSDemoPasswordReminderViewController.h; sourceTree = "<group>"; };
		3AA22E521A25353B00FE04D1 /* DVSDemoPasswordReminderViewController.m */ = {isa = PBXFileReference; fileEncoding = 4; lastKnownFileType = sourcecode.c.objc; path = DVSDemoPasswordReminderViewController.m; sourceTree = "<group>"; };
		3AA22E531A25353B00FE04D1 /* DVSDemoRegistrationViewController.h */ = {isa = PBXFileReference; fileEncoding = 4; lastKnownFileType = sourcecode.c.h; path = DVSDemoRegistrationViewController.h; sourceTree = "<group>"; };
		3AA22E541A25353B00FE04D1 /* DVSDemoRegistrationViewController.m */ = {isa = PBXFileReference; fileEncoding = 4; lastKnownFileType = sourcecode.c.objc; path = DVSDemoRegistrationViewController.m; sourceTree = "<group>"; };
		3AA22E551A25353B00FE04D1 /* DVSDemoWelcomeViewController.h */ = {isa = PBXFileReference; fileEncoding = 4; lastKnownFileType = sourcecode.c.h; path = DVSDemoWelcomeViewController.h; sourceTree = "<group>"; };
		3AA22E561A25353B00FE04D1 /* DVSDemoWelcomeViewController.m */ = {isa = PBXFileReference; fileEncoding = 4; lastKnownFileType = sourcecode.c.objc; path = DVSDemoWelcomeViewController.m; sourceTree = "<group>"; };
		3AA409F21A3F9D700046B0E4 /* DVSHTTPClient+User.h */ = {isa = PBXFileReference; fileEncoding = 4; lastKnownFileType = sourcecode.c.h; path = "DVSHTTPClient+User.h"; sourceTree = "<group>"; };
		3AA409F31A3F9D700046B0E4 /* DVSHTTPClient+User.m */ = {isa = PBXFileReference; fileEncoding = 4; lastKnownFileType = sourcecode.c.objc; path = "DVSHTTPClient+User.m"; sourceTree = "<group>"; };
		3AA631721A39A718002A64AC /* DVSUser+Persistence.h */ = {isa = PBXFileReference; fileEncoding = 4; lastKnownFileType = sourcecode.c.h; path = "DVSUser+Persistence.h"; sourceTree = "<group>"; };
		3AA631731A39A718002A64AC /* DVSUser+Persistence.m */ = {isa = PBXFileReference; fileEncoding = 4; lastKnownFileType = sourcecode.c.objc; path = "DVSUser+Persistence.m"; sourceTree = "<group>"; };
		3AA8B35E1A24DA0000166927 /* Devise.framework */ = {isa = PBXFileReference; explicitFileType = wrapper.framework; includeInIndex = 0; path = Devise.framework; sourceTree = BUILT_PRODUCTS_DIR; };
		3AA8B3691A24DA0000166927 /* Devise Tests.xctest */ = {isa = PBXFileReference; explicitFileType = wrapper.cfbundle; includeInIndex = 0; path = "Devise Tests.xctest"; sourceTree = BUILT_PRODUCTS_DIR; };
		3ABB41461A272989005B22A1 /* libPods.a */ = {isa = PBXFileReference; lastKnownFileType = archive.ar; name = libPods.a; path = "Pods/build/Debug-iphoneos/libPods.a"; sourceTree = "<group>"; };
		3AD4C6831A24DB1700F0AE67 /* Devise.h */ = {isa = PBXFileReference; fileEncoding = 4; lastKnownFileType = sourcecode.c.h; path = Devise.h; sourceTree = "<group>"; };
		3AD4C6871A24DBA700F0AE67 /* Devise-Info.plist */ = {isa = PBXFileReference; lastKnownFileType = text.plist.xml; path = "Devise-Info.plist"; sourceTree = "<group>"; };
		3AD4C6881A24DBA700F0AE67 /* Devise-Tests-Info.plist */ = {isa = PBXFileReference; lastKnownFileType = text.plist.xml; path = "Devise-Tests-Info.plist"; sourceTree = "<group>"; };
		3AD4C6921A24EFC100F0AE67 /* Common.xcconfig */ = {isa = PBXFileReference; lastKnownFileType = text.xcconfig; path = Common.xcconfig; sourceTree = "<group>"; };
		3AD4C6941A24EFC100F0AE67 /* Debug.xcconfig */ = {isa = PBXFileReference; lastKnownFileType = text.xcconfig; path = Debug.xcconfig; sourceTree = "<group>"; };
		3AD4C6951A24EFC100F0AE67 /* Profile.xcconfig */ = {isa = PBXFileReference; lastKnownFileType = text.xcconfig; path = Profile.xcconfig; sourceTree = "<group>"; };
		3AD4C6961A24EFC100F0AE67 /* Release.xcconfig */ = {isa = PBXFileReference; lastKnownFileType = text.xcconfig; path = Release.xcconfig; sourceTree = "<group>"; };
		3AD4C6971A24EFC100F0AE67 /* Test.xcconfig */ = {isa = PBXFileReference; lastKnownFileType = text.xcconfig; path = Test.xcconfig; sourceTree = "<group>"; };
		3AD4C6991A24EFC100F0AE67 /* Application.xcconfig */ = {isa = PBXFileReference; lastKnownFileType = text.xcconfig; path = Application.xcconfig; sourceTree = "<group>"; };
		3AD4C69A1A24EFC100F0AE67 /* Framework.xcconfig */ = {isa = PBXFileReference; lastKnownFileType = text.xcconfig; path = Framework.xcconfig; sourceTree = "<group>"; };
		3AD4C69B1A24EFC100F0AE67 /* StaticLibrary.xcconfig */ = {isa = PBXFileReference; lastKnownFileType = text.xcconfig; path = StaticLibrary.xcconfig; sourceTree = "<group>"; };
		3AD4C69D1A24EFC100F0AE67 /* iOS-Application.xcconfig */ = {isa = PBXFileReference; lastKnownFileType = text.xcconfig; path = "iOS-Application.xcconfig"; sourceTree = "<group>"; };
		3AD4C69E1A24EFC100F0AE67 /* iOS-Base.xcconfig */ = {isa = PBXFileReference; lastKnownFileType = text.xcconfig; path = "iOS-Base.xcconfig"; sourceTree = "<group>"; };
		3AD4C69F1A24EFC100F0AE67 /* iOS-Framework.xcconfig */ = {isa = PBXFileReference; lastKnownFileType = text.xcconfig; path = "iOS-Framework.xcconfig"; sourceTree = "<group>"; };
		3AD4C6A01A24EFC100F0AE67 /* iOS-StaticLibrary.xcconfig */ = {isa = PBXFileReference; lastKnownFileType = text.xcconfig; path = "iOS-StaticLibrary.xcconfig"; sourceTree = "<group>"; };
		3AD4C6A21A24EFC100F0AE67 /* Mac-Application.xcconfig */ = {isa = PBXFileReference; lastKnownFileType = text.xcconfig; path = "Mac-Application.xcconfig"; sourceTree = "<group>"; };
		3AD4C6A31A24EFC100F0AE67 /* Mac-Base.xcconfig */ = {isa = PBXFileReference; lastKnownFileType = text.xcconfig; path = "Mac-Base.xcconfig"; sourceTree = "<group>"; };
		3AD4C6A41A24EFC100F0AE67 /* Mac-DynamicLibrary.xcconfig */ = {isa = PBXFileReference; lastKnownFileType = text.xcconfig; path = "Mac-DynamicLibrary.xcconfig"; sourceTree = "<group>"; };
		3AD4C6A51A24EFC100F0AE67 /* Mac-Framework.xcconfig */ = {isa = PBXFileReference; lastKnownFileType = text.xcconfig; path = "Mac-Framework.xcconfig"; sourceTree = "<group>"; };
		3AD4C6A61A24EFC100F0AE67 /* Mac-StaticLibrary.xcconfig */ = {isa = PBXFileReference; lastKnownFileType = text.xcconfig; path = "Mac-StaticLibrary.xcconfig"; sourceTree = "<group>"; };
		3AD4C6A71A24EFC100F0AE67 /* README.md */ = {isa = PBXFileReference; lastKnownFileType = net.daringfireball.markdown; path = README.md; sourceTree = "<group>"; };
		3AD4C6A81A24EFCC00F0AE67 /* Devise-Config.xcconfig */ = {isa = PBXFileReference; lastKnownFileType = text.xcconfig; path = "Devise-Config.xcconfig"; sourceTree = "<group>"; };
		3AD4C6A91A24EFCC00F0AE67 /* Devise-Tests-Config.xcconfig */ = {isa = PBXFileReference; lastKnownFileType = text.xcconfig; path = "Devise-Tests-Config.xcconfig"; sourceTree = "<group>"; };
		3AD4C6AA1A24F1D200F0AE67 /* Devise-Prefix.pch */ = {isa = PBXFileReference; fileEncoding = 4; lastKnownFileType = sourcecode.c.h; path = "Devise-Prefix.pch"; sourceTree = "<group>"; };
		3AD4C6AC1A24F22300F0AE67 /* Devise-Tests-Prefix.pch */ = {isa = PBXFileReference; fileEncoding = 4; lastKnownFileType = sourcecode.c.h; path = "Devise-Tests-Prefix.pch"; sourceTree = "<group>"; };
		3AD4C6AD1A24F38000F0AE67 /* Foundation.framework */ = {isa = PBXFileReference; lastKnownFileType = wrapper.framework; name = Foundation.framework; path = System/Library/Frameworks/Foundation.framework; sourceTree = SDKROOT; };
		3AD4C6AF1A24F3E000F0AE67 /* Pods.debug.xcconfig */ = {isa = PBXFileReference; lastKnownFileType = text.xcconfig; name = Pods.debug.xcconfig; path = "Pods/Target Support Files/Pods/Pods.debug.xcconfig"; sourceTree = "<group>"; };
		3AD4C6B01A24F3E800F0AE67 /* Pods-Tests.debug.xcconfig */ = {isa = PBXFileReference; lastKnownFileType = text.xcconfig; name = "Pods-Tests.debug.xcconfig"; path = "Pods/Target Support Files/Pods-Tests/Pods-Tests.debug.xcconfig"; sourceTree = "<group>"; };
		3AD4C6EB1A24F9A700F0AE67 /* Devise Demo.app */ = {isa = PBXFileReference; explicitFileType = wrapper.application; includeInIndex = 0; path = "Devise Demo.app"; sourceTree = BUILT_PRODUCTS_DIR; };
		3AD4C7151A24FA2F00F0AE67 /* UIKit.framework */ = {isa = PBXFileReference; lastKnownFileType = wrapper.framework; name = UIKit.framework; path = System/Library/Frameworks/UIKit.framework; sourceTree = SDKROOT; };
		3AD4C7171A24FA6A00F0AE67 /* Devise-Demo-Config.xcconfig */ = {isa = PBXFileReference; lastKnownFileType = text.xcconfig; path = "Devise-Demo-Config.xcconfig"; sourceTree = "<group>"; };
		3AD4C7181A24FA6A00F0AE67 /* Devise-Demo-Info.plist */ = {isa = PBXFileReference; lastKnownFileType = text.plist.xml; path = "Devise-Demo-Info.plist"; sourceTree = "<group>"; };
		3AD4C7191A24FA6A00F0AE67 /* Devise-Demo-Main.m */ = {isa = PBXFileReference; lastKnownFileType = sourcecode.c.objc; path = "Devise-Demo-Main.m"; sourceTree = "<group>"; };
		3AD4C71A1A24FA6A00F0AE67 /* Devise-Demo-Prefix.pch */ = {isa = PBXFileReference; lastKnownFileType = sourcecode.c.h; path = "Devise-Demo-Prefix.pch"; sourceTree = "<group>"; };
		3AD4C7251A24FC5800F0AE67 /* Devise-Demo-Assets.xcassets */ = {isa = PBXFileReference; lastKnownFileType = folder.assetcatalog; path = "Devise-Demo-Assets.xcassets"; sourceTree = "<group>"; };
		5E64C1791A30603E00A41A88 /* DVSPropertyValidatorSpec.m */ = {isa = PBXFileReference; fileEncoding = 4; lastKnownFileType = sourcecode.c.objc; path = DVSPropertyValidatorSpec.m; sourceTree = "<group>"; };
		5E64C17B1A30872B00A41A88 /* Security.framework */ = {isa = PBXFileReference; lastKnownFileType = wrapper.framework; name = Security.framework; path = System/Library/Frameworks/Security.framework; sourceTree = SDKROOT; };
		5E7A9A2F1A3EFEFA0077DC43 /* DVSDemoUser.h */ = {isa = PBXFileReference; fileEncoding = 4; lastKnownFileType = sourcecode.c.h; path = DVSDemoUser.h; sourceTree = "<group>"; };
		5E7A9A301A3EFEFA0077DC43 /* DVSDemoUser.m */ = {isa = PBXFileReference; fileEncoding = 4; lastKnownFileType = sourcecode.c.objc; path = DVSDemoUser.m; sourceTree = "<group>"; };
		5E7A9A321A3F114F0077DC43 /* NSObject+Devise.h */ = {isa = PBXFileReference; fileEncoding = 4; lastKnownFileType = sourcecode.c.h; path = "NSObject+Devise.h"; sourceTree = "<group>"; };
		5E7A9A331A3F114F0077DC43 /* NSObject+Devise.m */ = {isa = PBXFileReference; fileEncoding = 4; lastKnownFileType = sourcecode.c.objc; path = "NSObject+Devise.m"; sourceTree = "<group>"; };
		5E7E166A1A264F6900684A60 /* DVSPropertyValidator.h */ = {isa = PBXFileReference; fileEncoding = 4; lastKnownFileType = sourcecode.c.h; path = DVSPropertyValidator.h; sourceTree = "<group>"; };
		5E7E166B1A264F6900684A60 /* DVSPropertyValidator.m */ = {isa = PBXFileReference; fileEncoding = 4; lastKnownFileType = sourcecode.c.objc; path = DVSPropertyValidator.m; sourceTree = "<group>"; };
		5E7E166C1A264F6900684A60 /* DVSValidator.h */ = {isa = PBXFileReference; fileEncoding = 4; lastKnownFileType = sourcecode.c.h; path = DVSValidator.h; sourceTree = "<group>"; };
		5E7E166D1A264F6900684A60 /* DVSValidator.m */ = {isa = PBXFileReference; fileEncoding = 4; lastKnownFileType = sourcecode.c.objc; path = DVSValidator.m; sourceTree = "<group>"; };
		5EE295061A35C086009441E1 /* NSDictionary+Devise.h */ = {isa = PBXFileReference; fileEncoding = 4; lastKnownFileType = sourcecode.c.h; path = "NSDictionary+Devise.h"; sourceTree = "<group>"; };
		5EE295071A35C086009441E1 /* NSDictionary+Devise.m */ = {isa = PBXFileReference; fileEncoding = 4; lastKnownFileType = sourcecode.c.objc; path = "NSDictionary+Devise.m"; sourceTree = "<group>"; };
		5EF381D21A2756BB006875D4 /* NSURL+Devise.h */ = {isa = PBXFileReference; fileEncoding = 4; lastKnownFileType = sourcecode.c.h; path = "NSURL+Devise.h"; sourceTree = "<group>"; };
		5EF381D31A2756BB006875D4 /* NSURL+Devise.m */ = {isa = PBXFileReference; fileEncoding = 4; lastKnownFileType = sourcecode.c.objc; path = "NSURL+Devise.m"; sourceTree = "<group>"; };
		5EF381DA1A279998006875D4 /* NSDate+Devise.h */ = {isa = PBXFileReference; fileEncoding = 4; lastKnownFileType = sourcecode.c.h; path = "NSDate+Devise.h"; sourceTree = "<group>"; };
		5EF381DB1A279998006875D4 /* NSDate+Devise.m */ = {isa = PBXFileReference; fileEncoding = 4; lastKnownFileType = sourcecode.c.objc; path = "NSDate+Devise.m"; sourceTree = "<group>"; };
		5EF381EE1A287458006875D4 /* NSNumber+Devise.h */ = {isa = PBXFileReference; fileEncoding = 4; lastKnownFileType = sourcecode.c.h; path = "NSNumber+Devise.h"; sourceTree = "<group>"; };
		5EF381EF1A287458006875D4 /* NSNumber+Devise.m */ = {isa = PBXFileReference; fileEncoding = 4; lastKnownFileType = sourcecode.c.objc; path = "NSNumber+Devise.m"; sourceTree = "<group>"; };
		5EF381F21A287749006875D4 /* DVSValidatorSpec.m */ = {isa = PBXFileReference; fileEncoding = 4; lastKnownFileType = sourcecode.c.objc; path = DVSValidatorSpec.m; sourceTree = "<group>"; };
		5EF5E6D81A2667D80049BEA6 /* NSArray+Devise.h */ = {isa = PBXFileReference; fileEncoding = 4; lastKnownFileType = sourcecode.c.h; path = "NSArray+Devise.h"; sourceTree = "<group>"; };
		5EF5E6D91A2667D80049BEA6 /* NSArray+Devise.m */ = {isa = PBXFileReference; fileEncoding = 4; lastKnownFileType = sourcecode.c.objc; path = "NSArray+Devise.m"; sourceTree = "<group>"; };
		D520EAD6431B24AD4B00819C /* libPods.a */ = {isa = PBXFileReference; explicitFileType = archive.ar; includeInIndex = 0; path = libPods.a; sourceTree = BUILT_PRODUCTS_DIR; };
		D68076C37469F69754581011 /* libPods-Tests.a */ = {isa = PBXFileReference; explicitFileType = archive.ar; includeInIndex = 0; path = "libPods-Tests.a"; sourceTree = BUILT_PRODUCTS_DIR; };
/* End PBXFileReference section */

/* Begin PBXFrameworksBuildPhase section */
		3AA8B35A1A24DA0000166927 /* Frameworks */ = {
			isa = PBXFrameworksBuildPhase;
			buildActionMask = 2147483647;
			files = (
				3ABB41471A272989005B22A1 /* libPods.a in Frameworks */,
				3AD4C6AE1A24F38000F0AE67 /* Foundation.framework in Frameworks */,
			);
			runOnlyForDeploymentPostprocessing = 0;
		};
		3AA8B3661A24DA0000166927 /* Frameworks */ = {
			isa = PBXFrameworksBuildPhase;
			buildActionMask = 2147483647;
			files = (
				3AA8B36A1A24DA0000166927 /* Devise.framework in Frameworks */,
				7243E8D52A343108BF107B69 /* libPods-Tests.a in Frameworks */,
			);
			runOnlyForDeploymentPostprocessing = 0;
		};
		3AD4C6E81A24F9A700F0AE67 /* Frameworks */ = {
			isa = PBXFrameworksBuildPhase;
			buildActionMask = 2147483647;
			files = (
				3AD4C7161A24FA2F00F0AE67 /* UIKit.framework in Frameworks */,
				3AD4C7141A24FA2A00F0AE67 /* Foundation.framework in Frameworks */,
				3AD4C70F1A24FA2100F0AE67 /* Devise.framework in Frameworks */,
			);
			runOnlyForDeploymentPostprocessing = 0;
		};
/* End PBXFrameworksBuildPhase section */

/* Begin PBXGroup section */
		2151995B1A495A0300EF5F80 /* SignUpViewController */ = {
			isa = PBXGroup;
			children = (
				21B3ECA31A52C2AD00C8C620 /* DVSSignUpFields.h */,
				2151995C1A495A4D00EF5F80 /* DVSSignUpViewController.h */,
				2151995D1A495A4D00EF5F80 /* DVSSignUpViewController.m */,
				21B3ECA41A52C2D000C8C620 /* DVSSignUpFormViewController.h */,
				21B3ECA51A52C2D000C8C620 /* DVSSignUpFormViewController.m */,
			);
			name = SignUpViewController;
			sourceTree = "<group>";
		};
		215575AF1A40873800BA8661 /* Strings */ = {
			isa = PBXGroup;
			children = (
				215575B01A40874300BA8661 /* Base.lproj */,
			);
			name = Strings;
			sourceTree = "<group>";
		};
		215575B01A40874300BA8661 /* Base.lproj */ = {
			isa = PBXGroup;
			children = (
				215575B11A40880C00BA8661 /* Localizable.strings */,
			);
			name = Base.lproj;
			sourceTree = "<group>";
		};
		21AFB7D31A48276E00769C87 /* UI */ = {
			isa = PBXGroup;
			children = (
				21B3ECA21A52BDFF00C8C620 /* BaseViewController */,
				21B3EC8B1A517FE700C8C620 /* DataSource */,
				21AFB8021A48C6E200769C87 /* LogInViewController */,
				21B3EC901A5186E000C8C620 /* PasswordReminderViewController */,
				2151995B1A495A0300EF5F80 /* SignUpViewController */,
				21B362D61A514F5100202C94 /* Views */,
				21B3EC951A52B35500C8C620 /* DVSFieldsUtils.h */,
				21B3EC961A52B35500C8C620 /* DVSFieldsUtils.m */,
			);
			name = UI;
			sourceTree = "<group>";
		};
		21AFB7E21A482BA100769C87 /* Cell */ = {
			isa = PBXGroup;
			children = (
				21AFB7F31A48446600769C87 /* DVSFormRowCell.h */,
				21AFB7F41A48446600769C87 /* DVSFormRowCell.m */,
				21AFB7F51A48446600769C87 /* DVSFormRowCell.xib */,
				2151996B1A499B5C00EF5F80 /* DVSFormRowCell+Model.h */,
				2151996C1A499B5C00EF5F80 /* DVSFormRowCell+Model.m */,
			);
			name = Cell;
			sourceTree = "<group>";
		};
		21AFB7E31A482C9F00769C87 /* Model */ = {
			isa = PBXGroup;
			children = (
				21AFB7E81A48416F00769C87 /* DVSFormRow.h */,
				21AFB7E91A48416F00769C87 /* DVSFormRow.m */,
			);
			name = Model;
			sourceTree = "<group>";
		};
		21AFB8021A48C6E200769C87 /* LogInViewController */ = {
			isa = PBXGroup;
			children = (
				21B3EC9D1A52B4DF00C8C620 /* DVSLogInFields.h */,
				21B3EC991A52B4CA00C8C620 /* DVSLogInFormViewController.h */,
				21B3EC9A1A52B4CA00C8C620 /* DVSLogInFormViewController.m */,
				21AFB7E41A48303000769C87 /* DVSLogInViewController.h */,
				21AFB7E51A48303000769C87 /* DVSLogInViewController.m */,
			);
			name = LogInViewController;
			sourceTree = "<group>";
		};
		21B1AAB91A3EE21800578DF7 /* Base View Controllers */ = {
			isa = PBXGroup;
			children = (
				21B1AABE1A3EE67B00578DF7 /* DVSFormViewController */,
				21B1AABA1A3EE22700578DF7 /* DVSMenuTableViewController */,
			);
			name = "Base View Controllers";
			sourceTree = "<group>";
		};
		21B1AABA1A3EE22700578DF7 /* DVSMenuTableViewController */ = {
			isa = PBXGroup;
			children = (
				21F690991A3711E100DE2ABA /* DVSMenuTableViewController.h */,
				21F6909A1A3711E100DE2ABA /* DVSMenuTableViewController.m */,
				21B1AABB1A3EE24C00578DF7 /* DVSMenuTableModel.h */,
				21B1AABC1A3EE24C00578DF7 /* DVSMenuTableModel.m */,
			);
			name = DVSMenuTableViewController;
			sourceTree = "<group>";
		};
		21B1AABE1A3EE67B00578DF7 /* DVSFormViewController */ = {
			isa = PBXGroup;
			children = (
				21AFB7E31A482C9F00769C87 /* Model */,
				21AFB7E21A482BA100769C87 /* Cell */,
				21AFB7F81A4844A800769C87 /* DVSFormViewController.h */,
				21AFB7F91A4844A800769C87 /* DVSFormViewController.m */,
			);
			name = DVSFormViewController;
			path = "Devise Demo";
			sourceTree = SOURCE_ROOT;
		};
		21B362D61A514F5100202C94 /* Views */ = {
			isa = PBXGroup;
			children = (
				21B362DF1A51540200202C94 /* DVSBarButtonItem.h */,
				21B362E01A51540200202C94 /* DVSBarButtonItem.m */,
			);
			name = Views;
			sourceTree = "<group>";
		};
		21B3EC8B1A517FE700C8C620 /* DataSource */ = {
			isa = PBXGroup;
			children = (
				21AFB7FE1A48C31100769C87 /* DVSTemplatesViewsUserDataSource.h */,
				21AFB7FF1A48C31100769C87 /* DVSTemplatesViewsUserDataSource.m */,
			);
			name = DataSource;
			sourceTree = "<group>";
		};
		21B3EC901A5186E000C8C620 /* PasswordReminderViewController */ = {
			isa = PBXGroup;
			children = (
				21B3ECA81A52C69500C8C620 /* DVSPasswordReminderFields.h */,
				21B3ECA91A52C6BD00C8C620 /* DVSPasswordReminderFormViewController.h */,
				21B3ECAA1A52C6BD00C8C620 /* DVSPasswordReminderFormViewController.m */,
				21B3EC911A51870B00C8C620 /* DVSPasswordReminderViewController.h */,
				21B3EC921A51870B00C8C620 /* DVSPasswordReminderViewController.m */,
			);
			name = PasswordReminderViewController;
			sourceTree = "<group>";
		};
		21B3ECA21A52BDFF00C8C620 /* BaseViewController */ = {
			isa = PBXGroup;
			children = (
				21B3EC9E1A52BDFD00C8C620 /* DVSBaseViewController.h */,
				21B3EC9F1A52BDFD00C8C620 /* DVSBaseViewController.m */,
			);
			name = BaseViewController;
			sourceTree = "<group>";
		};
		21F6908F1A35CDCA00DE2ABA /* Model */ = {
			isa = PBXGroup;
			children = (
				5E7A9A2F1A3EFEFA0077DC43 /* DVSDemoUser.h */,
				5E7A9A301A3EFEFA0077DC43 /* DVSDemoUser.m */,
				21B1AAB61A3B2BF600578DF7 /* DVSDemoUserDataSource.h */,
				21B1AAB71A3B2BF600578DF7 /* DVSDemoUserDataSource.m */,
			);
			name = Model;
			sourceTree = "<group>";
		};
		21F6909C1A374B0E00DE2ABA /* Categories */ = {
			isa = PBXGroup;
			children = (
				21F6909D1A374B5D00DE2ABA /* UIAlertView+DeviseDemo.h */,
				21F6909E1A374B5D00DE2ABA /* UIAlertView+DeviseDemo.m */,
				21B1AAB31A3B12CE00578DF7 /* NSError+DeviseDemo.h */,
				21B1AAB41A3B12CE00578DF7 /* NSError+DeviseDemo.m */,
			);
			name = Categories;
			sourceTree = "<group>";
		};
		3A4EE5A81A40ACA700A068E2 /* Test Classes */ = {
			isa = PBXGroup;
			children = (
				3A4EE5A11A40A40400A068E2 /* DVSTestConfiguration.h */,
				3A4EE5A21A40A40400A068E2 /* DVSTestConfiguration.m */,
				3A4EE5A51A40AC9D00A068E2 /* DVSTestUser.h */,
				3A4EE5A61A40AC9D00A068E2 /* DVSTestUser.m */,
			);
			name = "Test Classes";
			sourceTree = "<group>";
		};
		3A4EE5A91A40ACB600A068E2 /* Test Stubs */ = {
			isa = PBXGroup;
			children = (
				3A6E03FC1A263866006ECA3E /* OHHTTPStubs+DeviseTests.h */,
				3A6E03FD1A263866006ECA3E /* OHHTTPStubs+DeviseTests.m */,
			);
			name = "Test Stubs";
			sourceTree = "<group>";
		};
		3A6E03F31A263588006ECA3E /* Additions */ = {
			isa = PBXGroup;
			children = (
				3A4EE5A91A40ACB600A068E2 /* Test Stubs */,
				3A4EE5A81A40ACA700A068E2 /* Test Classes */,
			);
			name = Additions;
			sourceTree = "<group>";
		};
		3AA22E191A2502FE00FE04D1 /* Configuration */ = {
			isa = PBXGroup;
			children = (
				3AA22E1A1A25031300FE04D1 /* DVSConfiguration.h */,
				3AA22E1B1A25031300FE04D1 /* DVSConfiguration.m */,
			);
			name = Configuration;
			sourceTree = "<group>";
		};
		3AA22E201A250F9E00FE04D1 /* Supporting Headers */ = {
			isa = PBXGroup;
			children = (
				3AD4C6831A24DB1700F0AE67 /* Devise.h */,
				3AA22E211A250FC300FE04D1 /* DVSMacros.h */,
				3AA22E3A1A2530EA00FE04D1 /* DVSTypedefs.h */,
			);
			name = "Supporting Headers";
			sourceTree = "<group>";
		};
		3AA22E231A25110200FE04D1 /* Categories */ = {
			isa = PBXGroup;
			children = (
				5EF5E6D81A2667D80049BEA6 /* NSArray+Devise.h */,
				5EF5E6D91A2667D80049BEA6 /* NSArray+Devise.m */,
				5EF381DA1A279998006875D4 /* NSDate+Devise.h */,
				5EF381DB1A279998006875D4 /* NSDate+Devise.m */,
				5EE295061A35C086009441E1 /* NSDictionary+Devise.h */,
				5EE295071A35C086009441E1 /* NSDictionary+Devise.m */,
				5EF381EE1A287458006875D4 /* NSNumber+Devise.h */,
				5EF381EF1A287458006875D4 /* NSNumber+Devise.m */,
				5E7A9A321A3F114F0077DC43 /* NSObject+Devise.h */,
				5E7A9A331A3F114F0077DC43 /* NSObject+Devise.m */,
				3AA22E281A2514DD00FE04D1 /* NSString+Devise.h */,
				3AA22E291A2514DD00FE04D1 /* NSString+Devise.m */,
				5EF381D21A2756BB006875D4 /* NSURL+Devise.h */,
				5EF381D31A2756BB006875D4 /* NSURL+Devise.m */,
				215199571A4948EF00EF5F80 /* XLFormRowDescriptor+Devise.h */,
				215199581A4948EF00EF5F80 /* XLFormRowDescriptor+Devise.m */,
				21B362E71A515DA500202C94 /* XLFormSectionDescriptor+Devise.h */,
				21B362E81A515DA500202C94 /* XLFormSectionDescriptor+Devise.m */,
			);
			name = Categories;
			sourceTree = "<group>";
		};
		3AA22E311A252D5000FE04D1 /* User Model */ = {
			isa = PBXGroup;
			children = (
				3AA22E2D1A251B1400FE04D1 /* DVSUser.h */,
				3AA22E2E1A251B1400FE04D1 /* DVSUser.m */,
				3AA631721A39A718002A64AC /* DVSUser+Persistence.h */,
				3AA631731A39A718002A64AC /* DVSUser+Persistence.m */,
				3AA22E361A252FD700FE04D1 /* DVSUser+Querying.h */,
				3AA22E371A252FD700FE04D1 /* DVSUser+Querying.m */,
				3A2B04FC1A41663E00DDA453 /* DVSUser+Requests.h */,
				3A2B04FD1A41663E00DDA453 /* DVSUser+Requests.m */,
			);
			name = "User Model";
			sourceTree = "<group>";
		};
		3AA22E3C1A25327F00FE04D1 /* Networking */ = {
			isa = PBXGroup;
			children = (
				3A93A1461A2E2F2F006827D3 /* DVSHTTPClient.h */,
				3A93A1471A2E2F2F006827D3 /* DVSHTTPClient.m */,
				3AA409F21A3F9D700046B0E4 /* DVSHTTPClient+User.h */,
				3AA409F31A3F9D700046B0E4 /* DVSHTTPClient+User.m */,
			);
			name = Networking;
			sourceTree = "<group>";
		};
		3AA22E451A25352100FE04D1 /* Storyboards */ = {
			isa = PBXGroup;
			children = (
				3AA22E4E1A25353B00FE04D1 /* Main.storyboard */,
			);
			name = Storyboards;
			sourceTree = "<group>";
		};
		3AA22E461A25352500FE04D1 /* View Controllers */ = {
			isa = PBXGroup;
			children = (
				21B1AAB91A3EE21800578DF7 /* Base View Controllers */,
				3AA22E4A1A25353B00FE04D1 /* DVSDemoHomeViewController.h */,
				3AA22E4B1A25353B00FE04D1 /* DVSDemoHomeViewController.m */,
				3AA22E4C1A25353B00FE04D1 /* DVSDemoLoginViewController.h */,
				3AA22E4D1A25353B00FE04D1 /* DVSDemoLoginViewController.m */,
				21B1AAB01A3AF4E000578DF7 /* DVSDemoPasswordChangeViewController.h */,
				21B1AAB11A3AF4E000578DF7 /* DVSDemoPasswordChangeViewController.m */,
				3AA22E511A25353B00FE04D1 /* DVSDemoPasswordReminderViewController.h */,
				3AA22E521A25353B00FE04D1 /* DVSDemoPasswordReminderViewController.m */,
				3AA22E4F1A25353B00FE04D1 /* DVSDemoProfileEditorViewController.h */,
				3AA22E501A25353B00FE04D1 /* DVSDemoProfileEditorViewController.m */,
				3AA22E531A25353B00FE04D1 /* DVSDemoRegistrationViewController.h */,
				3AA22E541A25353B00FE04D1 /* DVSDemoRegistrationViewController.m */,
				3AA22E551A25353B00FE04D1 /* DVSDemoWelcomeViewController.h */,
				3AA22E561A25353B00FE04D1 /* DVSDemoWelcomeViewController.m */,
			);
			name = "View Controllers";
			sourceTree = "<group>";
		};
		3AA22E471A25352F00FE04D1 /* App Delegate */ = {
			isa = PBXGroup;
			children = (
				3AA22E481A25353B00FE04D1 /* AppDelegate.h */,
				3AA22E491A25353B00FE04D1 /* AppDelegate.m */,
			);
			name = "App Delegate";
			sourceTree = "<group>";
		};
		3AA8B3541A24DA0000166927 = {
			isa = PBXGroup;
			children = (
				3AD4C6821A24DB1700F0AE67 /* Devise */,
				3AD4C6851A24DB1C00F0AE67 /* Devise Tests */,
				3AD4C71B1A24FBAB00F0AE67 /* Devise Demo */,
				3AD4C6861A24DBA700F0AE67 /* Supporting Files */,
				3AA8B35F1A24DA0000166927 /* Products */,
				E318EA28A05EB87D9168576A /* Frameworks */,
			);
			sourceTree = "<group>";
		};
		3AA8B35F1A24DA0000166927 /* Products */ = {
			isa = PBXGroup;
			children = (
				3AA8B35E1A24DA0000166927 /* Devise.framework */,
				3AA8B3691A24DA0000166927 /* Devise Tests.xctest */,
				3AD4C6EB1A24F9A700F0AE67 /* Devise Demo.app */,
			);
			name = Products;
			sourceTree = "<group>";
		};
		3AD4C6821A24DB1700F0AE67 /* Devise */ = {
			isa = PBXGroup;
			children = (
				21AFB7D31A48276E00769C87 /* UI */,
				3AA22E191A2502FE00FE04D1 /* Configuration */,
				3AA22E231A25110200FE04D1 /* Categories */,
				3AA22E3C1A25327F00FE04D1 /* Networking */,
				3AA22E311A252D5000FE04D1 /* User Model */,
				5E7E16721A264F6C00684A60 /* Validation */,
				3AA22E201A250F9E00FE04D1 /* Supporting Headers */,
			);
			path = Devise;
			sourceTree = "<group>";
		};
		3AD4C6851A24DB1C00F0AE67 /* Devise Tests */ = {
			isa = PBXGroup;
			children = (
				3A6E03F31A263588006ECA3E /* Additions */,
				3AA22E1E1A2509AF00FE04D1 /* DVSConfigurationSpec.m */,
				3A93A1501A2E5119006827D3 /* DVSHTTPClientSpec.m */,
				3A4EE59F1A40A10600A068E2 /* DVSHTTPClientUserSpec.m */,
				3A49C2711A25D60D0041406B /* DVSUserSpec.m */,
				5EF381F21A287749006875D4 /* DVSValidatorSpec.m */,
				5E64C1791A30603E00A41A88 /* DVSPropertyValidatorSpec.m */,
			);
			path = "Devise Tests";
			sourceTree = "<group>";
		};
		3AD4C6861A24DBA700F0AE67 /* Supporting Files */ = {
			isa = PBXGroup;
			children = (
				3AD4C68E1A24EFAF00F0AE67 /* Configuration */,
				3AD4C7221A24FC3200F0AE67 /* Devise */,
				3AD4C7231A24FC3A00F0AE67 /* Devise Tests */,
				3AD4C7241A24FC4000F0AE67 /* Devise Demo */,
			);
			path = "Supporting Files";
			sourceTree = "<group>";
		};
		3AD4C68E1A24EFAF00F0AE67 /* Configuration */ = {
			isa = PBXGroup;
			children = (
				3AD4C6901A24EFC100F0AE67 /* External */,
				6DAEEC2DE19FB85AF8F5BCE5 /* CocoaPods */,
				3AD4C6A81A24EFCC00F0AE67 /* Devise-Config.xcconfig */,
				3AD4C6A91A24EFCC00F0AE67 /* Devise-Tests-Config.xcconfig */,
				3AD4C7171A24FA6A00F0AE67 /* Devise-Demo-Config.xcconfig */,
			);
			name = Configuration;
			sourceTree = "<group>";
		};
		3AD4C6901A24EFC100F0AE67 /* External */ = {
			isa = PBXGroup;
			children = (
				3AD4C6911A24EFC100F0AE67 /* Base */,
				3AD4C69C1A24EFC100F0AE67 /* iOS */,
				3AD4C6A11A24EFC100F0AE67 /* Mac OS X */,
				3AD4C6A71A24EFC100F0AE67 /* README.md */,
			);
			name = External;
			path = Configuration;
			sourceTree = "<group>";
		};
		3AD4C6911A24EFC100F0AE67 /* Base */ = {
			isa = PBXGroup;
			children = (
				3AD4C6921A24EFC100F0AE67 /* Common.xcconfig */,
				3AD4C6931A24EFC100F0AE67 /* Configurations */,
				3AD4C6981A24EFC100F0AE67 /* Targets */,
			);
			path = Base;
			sourceTree = "<group>";
		};
		3AD4C6931A24EFC100F0AE67 /* Configurations */ = {
			isa = PBXGroup;
			children = (
				3AD4C6941A24EFC100F0AE67 /* Debug.xcconfig */,
				3AD4C6951A24EFC100F0AE67 /* Profile.xcconfig */,
				3AD4C6961A24EFC100F0AE67 /* Release.xcconfig */,
				3AD4C6971A24EFC100F0AE67 /* Test.xcconfig */,
			);
			path = Configurations;
			sourceTree = "<group>";
		};
		3AD4C6981A24EFC100F0AE67 /* Targets */ = {
			isa = PBXGroup;
			children = (
				3AD4C6991A24EFC100F0AE67 /* Application.xcconfig */,
				3AD4C69A1A24EFC100F0AE67 /* Framework.xcconfig */,
				3AD4C69B1A24EFC100F0AE67 /* StaticLibrary.xcconfig */,
			);
			path = Targets;
			sourceTree = "<group>";
		};
		3AD4C69C1A24EFC100F0AE67 /* iOS */ = {
			isa = PBXGroup;
			children = (
				3AD4C69D1A24EFC100F0AE67 /* iOS-Application.xcconfig */,
				3AD4C69E1A24EFC100F0AE67 /* iOS-Base.xcconfig */,
				3AD4C69F1A24EFC100F0AE67 /* iOS-Framework.xcconfig */,
				3AD4C6A01A24EFC100F0AE67 /* iOS-StaticLibrary.xcconfig */,
			);
			path = iOS;
			sourceTree = "<group>";
		};
		3AD4C6A11A24EFC100F0AE67 /* Mac OS X */ = {
			isa = PBXGroup;
			children = (
				3AD4C6A21A24EFC100F0AE67 /* Mac-Application.xcconfig */,
				3AD4C6A31A24EFC100F0AE67 /* Mac-Base.xcconfig */,
				3AD4C6A41A24EFC100F0AE67 /* Mac-DynamicLibrary.xcconfig */,
				3AD4C6A51A24EFC100F0AE67 /* Mac-Framework.xcconfig */,
				3AD4C6A61A24EFC100F0AE67 /* Mac-StaticLibrary.xcconfig */,
			);
			path = "Mac OS X";
			sourceTree = "<group>";
		};
		3AD4C71B1A24FBAB00F0AE67 /* Devise Demo */ = {
			isa = PBXGroup;
			children = (
				215575AF1A40873800BA8661 /* Strings */,
				21F6909C1A374B0E00DE2ABA /* Categories */,
				3AA22E471A25352F00FE04D1 /* App Delegate */,
				21F6908F1A35CDCA00DE2ABA /* Model */,
				3AA22E451A25352100FE04D1 /* Storyboards */,
				3AA22E461A25352500FE04D1 /* View Controllers */,
			);
			path = "Devise Demo";
			sourceTree = "<group>";
		};
		3AD4C7221A24FC3200F0AE67 /* Devise */ = {
			isa = PBXGroup;
			children = (
				3AD4C6871A24DBA700F0AE67 /* Devise-Info.plist */,
				3AD4C6AA1A24F1D200F0AE67 /* Devise-Prefix.pch */,
			);
			name = Devise;
			sourceTree = "<group>";
		};
		3AD4C7231A24FC3A00F0AE67 /* Devise Tests */ = {
			isa = PBXGroup;
			children = (
				3AD4C6881A24DBA700F0AE67 /* Devise-Tests-Info.plist */,
				3AD4C6AC1A24F22300F0AE67 /* Devise-Tests-Prefix.pch */,
			);
			name = "Devise Tests";
			sourceTree = "<group>";
		};
		3AD4C7241A24FC4000F0AE67 /* Devise Demo */ = {
			isa = PBXGroup;
			children = (
				3AD4C7251A24FC5800F0AE67 /* Devise-Demo-Assets.xcassets */,
				3AD4C7181A24FA6A00F0AE67 /* Devise-Demo-Info.plist */,
				3AD4C71A1A24FA6A00F0AE67 /* Devise-Demo-Prefix.pch */,
				3AD4C7191A24FA6A00F0AE67 /* Devise-Demo-Main.m */,
			);
			name = "Devise Demo";
			sourceTree = "<group>";
		};
		5E7E16721A264F6C00684A60 /* Validation */ = {
			isa = PBXGroup;
			children = (
				5E7E166A1A264F6900684A60 /* DVSPropertyValidator.h */,
				5E7E166B1A264F6900684A60 /* DVSPropertyValidator.m */,
				5E7E166C1A264F6900684A60 /* DVSValidator.h */,
				5E7E166D1A264F6900684A60 /* DVSValidator.m */,
			);
			name = Validation;
			sourceTree = "<group>";
		};
		6DAEEC2DE19FB85AF8F5BCE5 /* CocoaPods */ = {
			isa = PBXGroup;
			children = (
				3AD4C6AF1A24F3E000F0AE67 /* Pods.debug.xcconfig */,
				3AD4C6B01A24F3E800F0AE67 /* Pods-Tests.debug.xcconfig */,
			);
			name = CocoaPods;
			path = ..;
			sourceTree = "<group>";
		};
		E318EA28A05EB87D9168576A /* Frameworks */ = {
			isa = PBXGroup;
			children = (
				5E64C17B1A30872B00A41A88 /* Security.framework */,
				3ABB41461A272989005B22A1 /* libPods.a */,
				3AD4C6AD1A24F38000F0AE67 /* Foundation.framework */,
				3AD4C7151A24FA2F00F0AE67 /* UIKit.framework */,
				D520EAD6431B24AD4B00819C /* libPods.a */,
				D68076C37469F69754581011 /* libPods-Tests.a */,
			);
			name = Frameworks;
			sourceTree = "<group>";
		};
/* End PBXGroup section */

/* Begin PBXHeadersBuildPhase section */
		3AA8B35B1A24DA0000166927 /* Headers */ = {
			isa = PBXHeadersBuildPhase;
			buildActionMask = 2147483647;
			files = (
				21B3ECA61A52C2D000C8C620 /* DVSSignUpFormViewController.h in Headers */,
				5EF381DC1A279998006875D4 /* NSDate+Devise.h in Headers */,
				21B3EC9B1A52B4CA00C8C620 /* DVSLogInFormViewController.h in Headers */,
				5E7A9A341A3F114F0077DC43 /* NSObject+Devise.h in Headers */,
				5EF381F01A287458006875D4 /* NSNumber+Devise.h in Headers */,
				5E7E166E1A264F6900684A60 /* DVSPropertyValidator.h in Headers */,
				3AA22E3B1A2530EA00FE04D1 /* DVSTypedefs.h in Headers */,
				5E7E16701A264F6900684A60 /* DVSValidator.h in Headers */,
				3A2B04FE1A41663E00DDA453 /* DVSUser+Requests.h in Headers */,
				21AFB7E61A48303000769C87 /* DVSLogInViewController.h in Headers */,
				2151995E1A495A4D00EF5F80 /* DVSSignUpViewController.h in Headers */,
				21B3ECAD1A52CC3000C8C620 /* DVSLogInFields.h in Headers */,
				21B3ECA01A52BDFD00C8C620 /* DVSBaseViewController.h in Headers */,
				21B3ECAF1A52CC3700C8C620 /* DVSSignUpFields.h in Headers */,
				21B3ECAE1A52CC3400C8C620 /* DVSPasswordReminderFields.h in Headers */,
				21B3EC931A51870B00C8C620 /* DVSPasswordReminderViewController.h in Headers */,
				21B362E11A51540200202C94 /* DVSBarButtonItem.h in Headers */,
				5EF381D41A2756BB006875D4 /* NSURL+Devise.h in Headers */,
				21B362E91A515DA500202C94 /* XLFormSectionDescriptor+Devise.h in Headers */,
				3AD4C6AB1A24F1D200F0AE67 /* Devise-Prefix.pch in Headers */,
				3AA22E2A1A2514DD00FE04D1 /* NSString+Devise.h in Headers */,
				21B3ECAB1A52C6BD00C8C620 /* DVSPasswordReminderFormViewController.h in Headers */,
				3AA22E1C1A25031300FE04D1 /* DVSConfiguration.h in Headers */,
				3AA22E2F1A251B1400FE04D1 /* DVSUser.h in Headers */,
				3AA409F41A3F9D700046B0E4 /* DVSHTTPClient+User.h in Headers */,
				3AA631741A39A718002A64AC /* DVSUser+Persistence.h in Headers */,
				5EE295081A35C086009441E1 /* NSDictionary+Devise.h in Headers */,
				215199591A4948EF00EF5F80 /* XLFormRowDescriptor+Devise.h in Headers */,
				5EF5E6DA1A2667D80049BEA6 /* NSArray+Devise.h in Headers */,
				3AA22E381A252FD700FE04D1 /* DVSUser+Querying.h in Headers */,
				3A93A1481A2E2F2F006827D3 /* DVSHTTPClient.h in Headers */,
				3AD4C6841A24DB1700F0AE67 /* Devise.h in Headers */,
				21B3EC971A52B35500C8C620 /* DVSFieldsUtils.h in Headers */,
				3AA22E5F1A2535BC00FE04D1 /* DVSMacros.h in Headers */,
				21AFB8001A48C31100769C87 /* DVSTemplatesViewsUserDataSource.h in Headers */,
			);
			runOnlyForDeploymentPostprocessing = 0;
		};
/* End PBXHeadersBuildPhase section */

/* Begin PBXNativeTarget section */
		3AA8B35D1A24DA0000166927 /* Devise */ = {
			isa = PBXNativeTarget;
			buildConfigurationList = 3AA8B3741A24DA0000166927 /* Build configuration list for PBXNativeTarget "Devise" */;
			buildPhases = (
				847B4B66C33FBA191EB27B30 /* Check Pods Manifest.lock */,
				3AD4C68D1A24DC1500F0AE67 /* Increment Build Number */,
				3AC598721A28A6320008CC22 /* Touch Precompiled Header */,
				3AA8B3591A24DA0000166927 /* Sources */,
				3AA8B35A1A24DA0000166927 /* Frameworks */,
				3AA8B35B1A24DA0000166927 /* Headers */,
				3AA8B35C1A24DA0000166927 /* Resources */,
				DAEF756E065EBB369A275B44 /* Copy Pods Resources */,
			);
			buildRules = (
			);
			dependencies = (
			);
			name = Devise;
			productName = Devise;
			productReference = 3AA8B35E1A24DA0000166927 /* Devise.framework */;
			productType = "com.apple.product-type.framework";
		};
		3AA8B3681A24DA0000166927 /* Devise Tests */ = {
			isa = PBXNativeTarget;
			buildConfigurationList = 3AA8B3771A24DA0000166927 /* Build configuration list for PBXNativeTarget "Devise Tests" */;
			buildPhases = (
				765107F6C40D4918A6DF2AD9 /* Check Pods Manifest.lock */,
				3ACA0FCA1A28A73B00C98B59 /* Touch Precompiled Header */,
				3AA8B3651A24DA0000166927 /* Sources */,
				3AA8B3661A24DA0000166927 /* Frameworks */,
				3AA8B3671A24DA0000166927 /* Resources */,
				E7CA1D2855837A8C5895AC0C /* Copy Pods Resources */,
			);
			buildRules = (
			);
			dependencies = (
				3AA8B36C1A24DA0000166927 /* PBXTargetDependency */,
			);
			name = "Devise Tests";
			productName = DeviseTests;
			productReference = 3AA8B3691A24DA0000166927 /* Devise Tests.xctest */;
			productType = "com.apple.product-type.bundle.unit-test";
		};
		3AD4C6EA1A24F9A700F0AE67 /* Devise Demo */ = {
			isa = PBXNativeTarget;
			buildConfigurationList = 3AD4C70D1A24F9A700F0AE67 /* Build configuration list for PBXNativeTarget "Devise Demo" */;
			buildPhases = (
				3ACA0FCB1A28A75600C98B59 /* Touch Precompiled Header */,
				3AD4C6E71A24F9A700F0AE67 /* Sources */,
				3AD4C6E81A24F9A700F0AE67 /* Frameworks */,
				3AD4C6E91A24F9A700F0AE67 /* Resources */,
				3AD4C7131A24FA2200F0AE67 /* Embed Frameworks */,
			);
			buildRules = (
			);
			dependencies = (
				3AD4C7121A24FA2100F0AE67 /* PBXTargetDependency */,
			);
			name = "Devise Demo";
			productName = "Devise Demo";
			productReference = 3AD4C6EB1A24F9A700F0AE67 /* Devise Demo.app */;
			productType = "com.apple.product-type.application";
		};
/* End PBXNativeTarget section */

/* Begin PBXProject section */
		3AA8B3551A24DA0000166927 /* Project object */ = {
			isa = PBXProject;
			attributes = {
				CLASSPREFIX = DVS;
				LastUpgradeCheck = 0610;
				ORGANIZATIONNAME = "Netguru Sp. z o.o.";
				TargetAttributes = {
					3AA8B35D1A24DA0000166927 = {
						CreatedOnToolsVersion = 6.1;
						DevelopmentTeam = SK8PDF7SG9;
					};
					3AA8B3681A24DA0000166927 = {
						CreatedOnToolsVersion = 6.1;
					};
					3AD4C6EA1A24F9A700F0AE67 = {
						CreatedOnToolsVersion = 6.1;
						DevelopmentTeam = SK8PDF7SG9;
					};
				};
			};
			buildConfigurationList = 3AA8B3581A24DA0000166927 /* Build configuration list for PBXProject "Devise" */;
			compatibilityVersion = "Xcode 3.2";
			developmentRegion = English;
			hasScannedForEncodings = 0;
			knownRegions = (
				en,
				Base,
			);
			mainGroup = 3AA8B3541A24DA0000166927;
			productRefGroup = 3AA8B35F1A24DA0000166927 /* Products */;
			projectDirPath = "";
			projectRoot = "";
			targets = (
				3AA8B35D1A24DA0000166927 /* Devise */,
				3AA8B3681A24DA0000166927 /* Devise Tests */,
				3AD4C6EA1A24F9A700F0AE67 /* Devise Demo */,
			);
		};
/* End PBXProject section */

/* Begin PBXResourcesBuildPhase section */
		3AA8B35C1A24DA0000166927 /* Resources */ = {
			isa = PBXResourcesBuildPhase;
			buildActionMask = 2147483647;
			files = (
			);
			runOnlyForDeploymentPostprocessing = 0;
		};
		3AA8B3671A24DA0000166927 /* Resources */ = {
			isa = PBXResourcesBuildPhase;
			buildActionMask = 2147483647;
			files = (
			);
			runOnlyForDeploymentPostprocessing = 0;
		};
		3AD4C6E91A24F9A700F0AE67 /* Resources */ = {
			isa = PBXResourcesBuildPhase;
			buildActionMask = 2147483647;
			files = (
				3AD4C7261A24FC5800F0AE67 /* Devise-Demo-Assets.xcassets in Resources */,
				215575B31A40880C00BA8661 /* Localizable.strings in Resources */,
				3AA22E5A1A25353B00FE04D1 /* Main.storyboard in Resources */,
				21AFB7F71A48446600769C87 /* DVSFormRowCell.xib in Resources */,
			);
			runOnlyForDeploymentPostprocessing = 0;
		};
/* End PBXResourcesBuildPhase section */

/* Begin PBXShellScriptBuildPhase section */
		3AC598721A28A6320008CC22 /* Touch Precompiled Header */ = {
			isa = PBXShellScriptBuildPhase;
			buildActionMask = 12;
			files = (
			);
			inputPaths = (
			);
			name = "Touch Precompiled Header";
			outputPaths = (
			);
			runOnlyForDeploymentPostprocessing = 0;
			shellPath = /bin/sh;
			shellScript = "#!/bin/bash\ntouch \"$GCC_PREFIX_HEADER\"\n";
		};
		3ACA0FCA1A28A73B00C98B59 /* Touch Precompiled Header */ = {
			isa = PBXShellScriptBuildPhase;
			buildActionMask = 2147483647;
			files = (
			);
			inputPaths = (
			);
			name = "Touch Precompiled Header";
			outputPaths = (
			);
			runOnlyForDeploymentPostprocessing = 0;
			shellPath = /bin/sh;
			shellScript = "#!/bin/bash\ntouch \"$GCC_PREFIX_HEADER\"";
		};
		3ACA0FCB1A28A75600C98B59 /* Touch Precompiled Header */ = {
			isa = PBXShellScriptBuildPhase;
			buildActionMask = 2147483647;
			files = (
			);
			inputPaths = (
			);
			name = "Touch Precompiled Header";
			outputPaths = (
			);
			runOnlyForDeploymentPostprocessing = 0;
			shellPath = /bin/sh;
			shellScript = "#!/bin/bash\ntouch \"$GCC_PREFIX_HEADER\"";
		};
		3AD4C68D1A24DC1500F0AE67 /* Increment Build Number */ = {
			isa = PBXShellScriptBuildPhase;
			buildActionMask = 2147483647;
			files = (
			);
			inputPaths = (
			);
			name = "Increment Build Number";
			outputPaths = (
			);
			runOnlyForDeploymentPostprocessing = 0;
			shellPath = /bin/sh;
			shellScript = "#!/bin/bash\nbundleShortVersionString=$(/usr/libexec/PlistBuddy -c \"Print CFBundleShortVersionString\" \"$INFOPLIST_FILE\")\n[[ $bundleShortVersionString =~ ([0-9]*)(.([0-9]*))?(.([0-9]*))? ]]\nbundleVersion=$(( $bundleVersion + ${BASH_REMATCH[1]} * 10000 ))\nbundleVersion=$(( $bundleVersion + $(( ${BASH_REMATCH[3]} * 100 )) ))\nbundleVersion=$(( $bundleVersion + $(( ${BASH_REMATCH[5]} )) ))\nbundleVersionString=$(printf \"%d\" $bundleVersion)\n/usr/libexec/PlistBuddy -c \"Set :CFBundleVersion $bundleVersionString\" \"$INFOPLIST_FILE\"";
		};
		765107F6C40D4918A6DF2AD9 /* Check Pods Manifest.lock */ = {
			isa = PBXShellScriptBuildPhase;
			buildActionMask = 2147483647;
			files = (
			);
			inputPaths = (
			);
			name = "Check Pods Manifest.lock";
			outputPaths = (
			);
			runOnlyForDeploymentPostprocessing = 0;
			shellPath = /bin/sh;
			shellScript = "diff \"${PODS_ROOT}/../Podfile.lock\" \"${PODS_ROOT}/Manifest.lock\" > /dev/null\nif [[ $? != 0 ]] ; then\n    cat << EOM\nerror: The sandbox is not in sync with the Podfile.lock. Run 'pod install' or update your CocoaPods installation.\nEOM\n    exit 1\nfi\n";
			showEnvVarsInLog = 0;
		};
		847B4B66C33FBA191EB27B30 /* Check Pods Manifest.lock */ = {
			isa = PBXShellScriptBuildPhase;
			buildActionMask = 2147483647;
			files = (
			);
			inputPaths = (
			);
			name = "Check Pods Manifest.lock";
			outputPaths = (
			);
			runOnlyForDeploymentPostprocessing = 0;
			shellPath = /bin/sh;
			shellScript = "diff \"${PODS_ROOT}/../Podfile.lock\" \"${PODS_ROOT}/Manifest.lock\" > /dev/null\nif [[ $? != 0 ]] ; then\n    cat << EOM\nerror: The sandbox is not in sync with the Podfile.lock. Run 'pod install' or update your CocoaPods installation.\nEOM\n    exit 1\nfi\n";
			showEnvVarsInLog = 0;
		};
		DAEF756E065EBB369A275B44 /* Copy Pods Resources */ = {
			isa = PBXShellScriptBuildPhase;
			buildActionMask = 2147483647;
			files = (
			);
			inputPaths = (
			);
			name = "Copy Pods Resources";
			outputPaths = (
			);
			runOnlyForDeploymentPostprocessing = 0;
			shellPath = /bin/sh;
			shellScript = "\"${SRCROOT}/Pods/Target Support Files/Pods/Pods-resources.sh\"\n";
			showEnvVarsInLog = 0;
		};
		E7CA1D2855837A8C5895AC0C /* Copy Pods Resources */ = {
			isa = PBXShellScriptBuildPhase;
			buildActionMask = 2147483647;
			files = (
			);
			inputPaths = (
			);
			name = "Copy Pods Resources";
			outputPaths = (
			);
			runOnlyForDeploymentPostprocessing = 0;
			shellPath = /bin/sh;
			shellScript = "\"${SRCROOT}/Pods/Target Support Files/Pods-Tests/Pods-Tests-resources.sh\"\n";
			showEnvVarsInLog = 0;
		};
/* End PBXShellScriptBuildPhase section */

/* Begin PBXSourcesBuildPhase section */
		3AA8B3591A24DA0000166927 /* Sources */ = {
			isa = PBXSourcesBuildPhase;
			buildActionMask = 2147483647;
			files = (
				21AFB7E71A48303000769C87 /* DVSLogInViewController.m in Sources */,
				21B362EA1A515DA500202C94 /* XLFormSectionDescriptor+Devise.m in Sources */,
				5EF381F11A287458006875D4 /* NSNumber+Devise.m in Sources */,
				21B3EC941A51870B00C8C620 /* DVSPasswordReminderViewController.m in Sources */,
				21B362E21A51540200202C94 /* DVSBarButtonItem.m in Sources */,
				2151995F1A495A4D00EF5F80 /* DVSSignUpViewController.m in Sources */,
				3AA22E301A251B1400FE04D1 /* DVSUser.m in Sources */,
				3A2B04FF1A41663E00DDA453 /* DVSUser+Requests.m in Sources */,
				5EE295091A35C086009441E1 /* NSDictionary+Devise.m in Sources */,
				21B3ECA11A52BDFD00C8C620 /* DVSBaseViewController.m in Sources */,
				5E7E166F1A264F6900684A60 /* DVSPropertyValidator.m in Sources */,
				5EF381D51A2756BB006875D4 /* NSURL+Devise.m in Sources */,
				5E7A9A351A3F114F0077DC43 /* NSObject+Devise.m in Sources */,
				21AFB8011A48C31100769C87 /* DVSTemplatesViewsUserDataSource.m in Sources */,
				3A93A1491A2E2F2F006827D3 /* DVSHTTPClient.m in Sources */,
				21B3ECAC1A52C6BD00C8C620 /* DVSPasswordReminderFormViewController.m in Sources */,
				5EF5E6DB1A2667D80049BEA6 /* NSArray+Devise.m in Sources */,
				21B3ECA71A52C2D000C8C620 /* DVSSignUpFormViewController.m in Sources */,
				3AA22E391A252FD700FE04D1 /* DVSUser+Querying.m in Sources */,
				5E7E16711A264F6900684A60 /* DVSValidator.m in Sources */,
				3AA22E2B1A2514DD00FE04D1 /* NSString+Devise.m in Sources */,
				3AA409F51A3F9D700046B0E4 /* DVSHTTPClient+User.m in Sources */,
				5EF381DD1A279998006875D4 /* NSDate+Devise.m in Sources */,
				21B3EC981A52B35500C8C620 /* DVSFieldsUtils.m in Sources */,
				3AA631751A39A718002A64AC /* DVSUser+Persistence.m in Sources */,
				21B3EC9C1A52B4CA00C8C620 /* DVSLogInFormViewController.m in Sources */,
				2151995A1A4948EF00EF5F80 /* XLFormRowDescriptor+Devise.m in Sources */,
				3AA22E1D1A25031300FE04D1 /* DVSConfiguration.m in Sources */,
			);
			runOnlyForDeploymentPostprocessing = 0;
		};
		3AA8B3651A24DA0000166927 /* Sources */ = {
			isa = PBXSourcesBuildPhase;
			buildActionMask = 2147483647;
			files = (
				3A4EE5AB1A40B89100A068E2 /* DVSHTTPClientUserSpec.m in Sources */,
				3A4EE5AF1A40C96500A068E2 /* DVSConfigurationSpec.m in Sources */,
				3A4EE5AC1A40C93500A068E2 /* DVSHTTPClientSpec.m in Sources */,
				3A6E03FE1A263866006ECA3E /* OHHTTPStubs+DeviseTests.m in Sources */,
				3A4EE5AD1A40C95F00A068E2 /* DVSValidatorSpec.m in Sources */,
				3A4EE5A71A40AC9E00A068E2 /* DVSTestUser.m in Sources */,
				3A4EE5AE1A40C96200A068E2 /* DVSPropertyValidatorSpec.m in Sources */,
				3AA57B6E1A41851800C54B36 /* DVSUserSpec.m in Sources */,
				3A4EE5A31A40A40400A068E2 /* DVSTestConfiguration.m in Sources */,
			);
			runOnlyForDeploymentPostprocessing = 0;
		};
		3AD4C6E71A24F9A700F0AE67 /* Sources */ = {
			isa = PBXSourcesBuildPhase;
			buildActionMask = 2147483647;
			files = (
				3AA22E571A25353B00FE04D1 /* AppDelegate.m in Sources */,
				21B1AAB51A3B12CE00578DF7 /* NSError+DeviseDemo.m in Sources */,
				2151996D1A499B5C00EF5F80 /* DVSFormRowCell+Model.m in Sources */,
				3AA22E5D1A25353B00FE04D1 /* DVSDemoRegistrationViewController.m in Sources */,
				3AA22E601A25361200FE04D1 /* Devise-Demo-Main.m in Sources */,
				3AA22E5B1A25353B00FE04D1 /* DVSDemoProfileEditorViewController.m in Sources */,
				21B1AAB81A3B2BF600578DF7 /* DVSDemoUserDataSource.m in Sources */,
				5E7A9A311A3EFEFA0077DC43 /* DVSDemoUser.m in Sources */,
				3AA22E581A25353B00FE04D1 /* DVSDemoHomeViewController.m in Sources */,
				21F6909B1A3711E100DE2ABA /* DVSMenuTableViewController.m in Sources */,
				3AA22E5C1A25353B00FE04D1 /* DVSDemoPasswordReminderViewController.m in Sources */,
				21AFB7FA1A4844A800769C87 /* DVSFormViewController.m in Sources */,
				3AA22E5E1A25353B00FE04D1 /* DVSDemoWelcomeViewController.m in Sources */,
				21AFB7F61A48446600769C87 /* DVSFormRowCell.m in Sources */,
				3AA22E591A25353B00FE04D1 /* DVSDemoLoginViewController.m in Sources */,
				21F6909F1A374B5D00DE2ABA /* UIAlertView+DeviseDemo.m in Sources */,
				21AFB7EA1A48416F00769C87 /* DVSFormRow.m in Sources */,
				21B1AABD1A3EE24C00578DF7 /* DVSMenuTableModel.m in Sources */,
				21B1AAB21A3AF4E000578DF7 /* DVSDemoPasswordChangeViewController.m in Sources */,
			);
			runOnlyForDeploymentPostprocessing = 0;
		};
/* End PBXSourcesBuildPhase section */

/* Begin PBXTargetDependency section */
		3AA8B36C1A24DA0000166927 /* PBXTargetDependency */ = {
			isa = PBXTargetDependency;
			target = 3AA8B35D1A24DA0000166927 /* Devise */;
			targetProxy = 3AA8B36B1A24DA0000166927 /* PBXContainerItemProxy */;
		};
		3AD4C7121A24FA2100F0AE67 /* PBXTargetDependency */ = {
			isa = PBXTargetDependency;
			target = 3AA8B35D1A24DA0000166927 /* Devise */;
			targetProxy = 3AD4C7111A24FA2100F0AE67 /* PBXContainerItemProxy */;
		};
/* End PBXTargetDependency section */

/* Begin PBXVariantGroup section */
		215575B11A40880C00BA8661 /* Localizable.strings */ = {
			isa = PBXVariantGroup;
			children = (
				215575B21A40880C00BA8661 /* Base */,
			);
			name = Localizable.strings;
			sourceTree = "<group>";
		};
/* End PBXVariantGroup section */

/* Begin XCBuildConfiguration section */
		3AA8B3721A24DA0000166927 /* Debug */ = {
			isa = XCBuildConfiguration;
			baseConfigurationReference = 3AD4C6941A24EFC100F0AE67 /* Debug.xcconfig */;
			buildSettings = {
				CODE_SIGN_ENTITLEMENTS = "";
				CODE_SIGN_IDENTITY = "iPhone Developer";
				IPHONEOS_DEPLOYMENT_TARGET = 8.0;
				SDKROOT = iphoneos;
			};
			name = Debug;
		};
		3AA8B3751A24DA0000166927 /* Debug */ = {
			isa = XCBuildConfiguration;
			baseConfigurationReference = 3AD4C6A81A24EFCC00F0AE67 /* Devise-Config.xcconfig */;
			buildSettings = {
				CODE_SIGN_ENTITLEMENTS = "";
				CODE_SIGN_IDENTITY = "iPhone Developer";
				"CODE_SIGN_IDENTITY[sdk=iphoneos*]" = "iPhone Developer";
				GCC_PRECOMPILE_PREFIX_HEADER = YES;
				GCC_PREFIX_HEADER = "Supporting Files/Devise-Prefix.pch";
				INFOPLIST_FILE = "Supporting Files/Devise-Info.plist";
				PRODUCT_NAME = Devise;
				PROVISIONING_PROFILE = "";
			};
			name = Debug;
		};
		3AA8B3781A24DA0000166927 /* Debug */ = {
			isa = XCBuildConfiguration;
			baseConfigurationReference = 3AD4C6A91A24EFCC00F0AE67 /* Devise-Tests-Config.xcconfig */;
			buildSettings = {
				GCC_PRECOMPILE_PREFIX_HEADER = YES;
				GCC_PREFIX_HEADER = "Supporting Files/Devise-Tests-Prefix.pch";
				INFOPLIST_FILE = "Supporting Files/Devise-Tests-Info.plist";
				PRODUCT_NAME = "$(TARGET_NAME)";
			};
			name = Debug;
		};
		3AD4C70B1A24F9A700F0AE67 /* Debug */ = {
			isa = XCBuildConfiguration;
			baseConfigurationReference = 3AD4C7171A24FA6A00F0AE67 /* Devise-Demo-Config.xcconfig */;
			buildSettings = {
				ASSETCATALOG_COMPILER_APPICON_NAME = "App-Icon";
				ASSETCATALOG_COMPILER_LAUNCHIMAGE_NAME = "Launch-Image";
				CODE_SIGN_ENTITLEMENTS = "";
				CODE_SIGN_IDENTITY = "iPhone Developer";
				GCC_PREFIX_HEADER = "Supporting Files/Devise-Demo-Prefix.pch";
				INFOPLIST_FILE = "Supporting Files/Devise-Demo-Info.plist";
				PRODUCT_NAME = "$(TARGET_NAME)";
				PROVISIONING_PROFILE = "";
			};
			name = Debug;
		};
		5EE5F96A1A404D1900419E2A /* Release */ = {
			isa = XCBuildConfiguration;
			baseConfigurationReference = 3AD4C6961A24EFC100F0AE67 /* Release.xcconfig */;
			buildSettings = {
				CODE_SIGN_ENTITLEMENTS = "";
				CODE_SIGN_IDENTITY = "iPhone Distribution";
				IPHONEOS_DEPLOYMENT_TARGET = 8.0;
				OTHER_CODE_SIGN_FLAGS = "";
				PROVISIONING_PROFILE = "";
				SDKROOT = iphoneos;
			};
			name = Release;
		};
		5EE5F96B1A404D1900419E2A /* Release */ = {
			isa = XCBuildConfiguration;
			baseConfigurationReference = 3AD4C6A81A24EFCC00F0AE67 /* Devise-Config.xcconfig */;
			buildSettings = {
				CODE_SIGN_ENTITLEMENTS = "";
				CODE_SIGN_IDENTITY = "iPhone Distribution";
				"CODE_SIGN_IDENTITY[sdk=iphoneos*]" = "iPhone Distribution";
				GCC_PRECOMPILE_PREFIX_HEADER = YES;
				GCC_PREFIX_HEADER = "Supporting Files/Devise-Prefix.pch";
				INFOPLIST_FILE = "Supporting Files/Devise-Info.plist";
				PRODUCT_NAME = Devise;
				PROVISIONING_PROFILE = "";
			};
			name = Release;
		};
		5EE5F96C1A404D1900419E2A /* Release */ = {
			isa = XCBuildConfiguration;
			baseConfigurationReference = 3AD4C6A91A24EFCC00F0AE67 /* Devise-Tests-Config.xcconfig */;
			buildSettings = {
				GCC_PRECOMPILE_PREFIX_HEADER = YES;
				GCC_PREFIX_HEADER = "Supporting Files/Devise-Tests-Prefix.pch";
				INFOPLIST_FILE = "Supporting Files/Devise-Tests-Info.plist";
				PRODUCT_NAME = "$(TARGET_NAME)";
			};
			name = Release;
		};
		5EE5F96D1A404D1900419E2A /* Release */ = {
			isa = XCBuildConfiguration;
			baseConfigurationReference = 3AD4C7171A24FA6A00F0AE67 /* Devise-Demo-Config.xcconfig */;
			buildSettings = {
				ASSETCATALOG_COMPILER_APPICON_NAME = "App-Icon";
				ASSETCATALOG_COMPILER_LAUNCHIMAGE_NAME = "Launch-Image";
				CODE_SIGN_ENTITLEMENTS = "";
				CODE_SIGN_IDENTITY = "iPhone Distribution";
				CODE_SIGN_RESOURCE_RULES_PATH = "$(SDKROOT)/ResourceRules.plist";
				COPY_PHASE_STRIP = NO;
				GCC_PREFIX_HEADER = "Supporting Files/Devise-Demo-Prefix.pch";
				INFOPLIST_FILE = "Supporting Files/Devise-Demo-Info.plist";
				OTHER_CODE_SIGN_FLAGS = "";
				PRODUCT_NAME = "$(TARGET_NAME)";
				PROVISIONING_PROFILE = "";
			};
			name = Release;
		};
/* End XCBuildConfiguration section */

/* Begin XCConfigurationList section */
		3AA8B3581A24DA0000166927 /* Build configuration list for PBXProject "Devise" */ = {
			isa = XCConfigurationList;
			buildConfigurations = (
				3AA8B3721A24DA0000166927 /* Debug */,
				5EE5F96A1A404D1900419E2A /* Release */,
			);
			defaultConfigurationIsVisible = 0;
			defaultConfigurationName = Debug;
		};
		3AA8B3741A24DA0000166927 /* Build configuration list for PBXNativeTarget "Devise" */ = {
			isa = XCConfigurationList;
			buildConfigurations = (
				3AA8B3751A24DA0000166927 /* Debug */,
				5EE5F96B1A404D1900419E2A /* Release */,
			);
			defaultConfigurationIsVisible = 0;
			defaultConfigurationName = Debug;
		};
		3AA8B3771A24DA0000166927 /* Build configuration list for PBXNativeTarget "Devise Tests" */ = {
			isa = XCConfigurationList;
			buildConfigurations = (
				3AA8B3781A24DA0000166927 /* Debug */,
				5EE5F96C1A404D1900419E2A /* Release */,
			);
			defaultConfigurationIsVisible = 0;
			defaultConfigurationName = Debug;
		};
		3AD4C70D1A24F9A700F0AE67 /* Build configuration list for PBXNativeTarget "Devise Demo" */ = {
			isa = XCConfigurationList;
			buildConfigurations = (
				3AD4C70B1A24F9A700F0AE67 /* Debug */,
				5EE5F96D1A404D1900419E2A /* Release */,
			);
			defaultConfigurationIsVisible = 0;
			defaultConfigurationName = Debug;
		};
/* End XCConfigurationList section */
	};
	rootObject = 3AA8B3551A24DA0000166927 /* Project object */;
}
